PODS:
  - Cuckoo (1.10.3):
    - Cuckoo/Swift (= 1.10.3)
  - Cuckoo/Swift (1.10.3)
  - LanguageManager-iOS (1.2.6-beta.2)
  - Nimble (12.0.0)
  - Quick (6.1.0)
  - SnapKit (5.6.0)
  - SwiftLint (0.51.0)

DEPENDENCIES:
  - Cuckoo (~> 1.10)
  - LanguageManager-iOS (~> 1.2.6-beta.2)
  - Nimble (~> 12.0)
  - Quick (~> 6.1)
  - SnapKit (~> 5.6)
  - SwiftLint (~> 0.51)

SPEC REPOS:
  https://bitbucket.org/beautyfu/ios-pod-specs.git:
    - LanguageManager-iOS
  trunk:
    - Cuckoo
    - Nimble
    - Quick
    - SnapKit
    - SwiftLint

SPEC CHECKSUMS:
  Cuckoo: 930598bd4ae95860c658b3eea30903d946ebef36
  LanguageManager-iOS: 5fac7a37b621cf2841d136ad6c46f21f15bb4de1
  Nimble: 02a4990866e51868303a466970cd1c81bb84a192
  Quick: 6676ffb409bf04abba2ff23902af2407bfc6ac90
  SnapKit: e01d52ebb8ddbc333eefe2132acf85c8227d9c25
  SwiftLint: 1b7561918a19e23bfed960e40759086e70f4dba5

PODFILE CHECKSUM: 4a6beae17b66ea091260b9d2108d77ba4f710a03

COCOAPODS: 1.12.1
