// !$*UTF8*$!
{
	archiveVersion = 1;
	classes = {
	};
	objectVersion = 56;
	objects = {

/* Begin PBXBuildFile section */
		0F35F090BA815AEECCCFAD8E /* Pods_GBV3AlertModalExampleTests.framework in Frameworks */ = {isa = PBXBuildFile; fileRef = FA45B8C4696D0CBC88488962 /* Pods_GBV3AlertModalExampleTests.framework */; };
		5962A4B32935DFA100183658 /* AppDelegate.swift in Sources */ = {isa = PBXBuildFile; fileRef = 5962A4B22935DFA100183658 /* AppDelegate.swift */; };
		5962A4B72935DFA100183658 /* ViewController.swift in Sources */ = {isa = PBXBuildFile; fileRef = 5962A4B62935DFA100183658 /* ViewController.swift */; };
		5962A4BA2935DFA100183658 /* Main.storyboard in Resources */ = {isa = PBXBuildFile; fileRef = 5962A4B82935DFA100183658 /* Main.storyboard */; };
		5962A4BC2935DFA200183658 /* Assets.xcassets in Resources */ = {isa = PBXBuildFile; fileRef = 5962A4BB2935DFA200183658 /* Assets.xcassets */; };
		5962A4BF2935DFA200183658 /* LaunchScreen.storyboard in Resources */ = {isa = PBXBuildFile; fileRef = 5962A4BD2935DFA200183658 /* LaunchScreen.storyboard */; };
		5962A4CA2935DFA200183658 /* GBV3AlertModalExampleTests.swift in Sources */ = {isa = PBXBuildFile; fileRef = 5962A4C92935DFA200183658 /* GBV3AlertModalExampleTests.swift */; };
		5962A4D42935DFA200183658 /* GBV3AlertModalExampleUITests.swift in Sources */ = {isa = PBXBuildFile; fileRef = 5962A4D32935DFA200183658 /* GBV3AlertModalExampleUITests.swift */; };
		5962A4D62935DFA200183658 /* GBV3AlertModalExampleUITestsLaunchTests.swift in Sources */ = {isa = PBXBuildFile; fileRef = 5962A4D52935DFA200183658 /* GBV3AlertModalExampleUITestsLaunchTests.swift */; };
		8AE6DF00C2621EBAF89816B8 /* Pods_GBV3AlertModalExample_GBV3AlertModalExampleUITests.framework in Frameworks */ = {isa = PBXBuildFile; fileRef = B918DDD2951E369B2EAC3AA8 /* Pods_GBV3AlertModalExample_GBV3AlertModalExampleUITests.framework */; };
		A3F62B095EBD54CB58E525AF /* Pods_GBV3AlertModalExample.framework in Frameworks */ = {isa = PBXBuildFile; fileRef = 1B7F02D18FDAAAFE64A644C9 /* Pods_GBV3AlertModalExample.framework */; };
/* End PBXBuildFile section */

/* Begin PBXContainerItemProxy section */
		5962A4C62935DFA200183658 /* PBXContainerItemProxy */ = {
			isa = PBXContainerItemProxy;
			containerPortal = 5962A4A72935DFA100183658 /* Project object */;
			proxyType = 1;
			remoteGlobalIDString = 5962A4AE2935DFA100183658;
			remoteInfo = GBV3AlertModalExample;
		};
		5962A4D02935DFA200183658 /* PBXContainerItemProxy */ = {
			isa = PBXContainerItemProxy;
			containerPortal = 5962A4A72935DFA100183658 /* Project object */;
			proxyType = 1;
			remoteGlobalIDString = 5962A4AE2935DFA100183658;
			remoteInfo = GBV3AlertModalExample;
		};
/* End PBXContainerItemProxy section */

/* Begin PBXFileReference section */
		000691E42DCB89CE2C2240A0 /* Pods-GBV3AlertModalExampleTests.release.xcconfig */ = {isa = PBXFileReference; includeInIndex = 1; lastKnownFileType = text.xcconfig; name = "Pods-GBV3AlertModalExampleTests.release.xcconfig"; path = "Target Support Files/Pods-GBV3AlertModalExampleTests/Pods-GBV3AlertModalExampleTests.release.xcconfig"; sourceTree = "<group>"; };
		107C63735F152D798633262C /* Pods-GBV3AlertModalExample.debug.xcconfig */ = {isa = PBXFileReference; includeInIndex = 1; lastKnownFileType = text.xcconfig; name = "Pods-GBV3AlertModalExample.debug.xcconfig"; path = "Target Support Files/Pods-GBV3AlertModalExample/Pods-GBV3AlertModalExample.debug.xcconfig"; sourceTree = "<group>"; };
		1B7F02D18FDAAAFE64A644C9 /* Pods_GBV3AlertModalExample.framework */ = {isa = PBXFileReference; explicitFileType = wrapper.framework; includeInIndex = 0; path = Pods_GBV3AlertModalExample.framework; sourceTree = BUILT_PRODUCTS_DIR; };
		5962A4AF2935DFA100183658 /* GBV3AlertModalExample.app */ = {isa = PBXFileReference; explicitFileType = wrapper.application; includeInIndex = 0; path = GBV3AlertModalExample.app; sourceTree = BUILT_PRODUCTS_DIR; };
		5962A4B22935DFA100183658 /* AppDelegate.swift */ = {isa = PBXFileReference; lastKnownFileType = sourcecode.swift; path = AppDelegate.swift; sourceTree = "<group>"; };
		5962A4B62935DFA100183658 /* ViewController.swift */ = {isa = PBXFileReference; lastKnownFileType = sourcecode.swift; path = ViewController.swift; sourceTree = "<group>"; };
		5962A4B92935DFA100183658 /* Base */ = {isa = PBXFileReference; lastKnownFileType = file.storyboard; name = Base; path = Base.lproj/Main.storyboard; sourceTree = "<group>"; };
		5962A4BB2935DFA200183658 /* Assets.xcassets */ = {isa = PBXFileReference; lastKnownFileType = folder.assetcatalog; path = Assets.xcassets; sourceTree = "<group>"; };
		5962A4BE2935DFA200183658 /* Base */ = {isa = PBXFileReference; lastKnownFileType = file.storyboard; name = Base; path = Base.lproj/LaunchScreen.storyboard; sourceTree = "<group>"; };
		5962A4C02935DFA200183658 /* Info.plist */ = {isa = PBXFileReference; lastKnownFileType = text.plist.xml; path = Info.plist; sourceTree = "<group>"; };
		5962A4C52935DFA200183658 /* GBV3AlertModalExampleTests.xctest */ = {isa = PBXFileReference; explicitFileType = wrapper.cfbundle; includeInIndex = 0; path = GBV3AlertModalExampleTests.xctest; sourceTree = BUILT_PRODUCTS_DIR; };
		5962A4C92935DFA200183658 /* GBV3AlertModalExampleTests.swift */ = {isa = PBXFileReference; lastKnownFileType = sourcecode.swift; path = GBV3AlertModalExampleTests.swift; sourceTree = "<group>"; };
		5962A4CF2935DFA200183658 /* GBV3AlertModalExampleUITests.xctest */ = {isa = PBXFileReference; explicitFileType = wrapper.cfbundle; includeInIndex = 0; path = GBV3AlertModalExampleUITests.xctest; sourceTree = BUILT_PRODUCTS_DIR; };
		5962A4D32935DFA200183658 /* GBV3AlertModalExampleUITests.swift */ = {isa = PBXFileReference; lastKnownFileType = sourcecode.swift; path = GBV3AlertModalExampleUITests.swift; sourceTree = "<group>"; };
		5962A4D52935DFA200183658 /* GBV3AlertModalExampleUITestsLaunchTests.swift */ = {isa = PBXFileReference; lastKnownFileType = sourcecode.swift; path = GBV3AlertModalExampleUITestsLaunchTests.swift; sourceTree = "<group>"; };
		716D753FD77C149DDE6A5FE1 /* Pods-GBV3AlertModalExample-GBV3AlertModalExampleUITests.debug.xcconfig */ = {isa = PBXFileReference; includeInIndex = 1; lastKnownFileType = text.xcconfig; name = "Pods-GBV3AlertModalExample-GBV3AlertModalExampleUITests.debug.xcconfig"; path = "Target Support Files/Pods-GBV3AlertModalExample-GBV3AlertModalExampleUITests/Pods-GBV3AlertModalExample-GBV3AlertModalExampleUITests.debug.xcconfig"; sourceTree = "<group>"; };
		A26519B706EE68860F1FFA54 /* Pods-GBV3AlertModalExampleTests.debug.xcconfig */ = {isa = PBXFileReference; includeInIndex = 1; lastKnownFileType = text.xcconfig; name = "Pods-GBV3AlertModalExampleTests.debug.xcconfig"; path = "Target Support Files/Pods-GBV3AlertModalExampleTests/Pods-GBV3AlertModalExampleTests.debug.xcconfig"; sourceTree = "<group>"; };
		B918DDD2951E369B2EAC3AA8 /* Pods_GBV3AlertModalExample_GBV3AlertModalExampleUITests.framework */ = {isa = PBXFileReference; explicitFileType = wrapper.framework; includeInIndex = 0; path = Pods_GBV3AlertModalExample_GBV3AlertModalExampleUITests.framework; sourceTree = BUILT_PRODUCTS_DIR; };
		BCCB58961561174508C7E298 /* Pods-GBV3AlertModalExample-GBV3AlertModalExampleUITests.release.xcconfig */ = {isa = PBXFileReference; includeInIndex = 1; lastKnownFileType = text.xcconfig; name = "Pods-GBV3AlertModalExample-GBV3AlertModalExampleUITests.release.xcconfig"; path = "Target Support Files/Pods-GBV3AlertModalExample-GBV3AlertModalExampleUITests/Pods-GBV3AlertModalExample-GBV3AlertModalExampleUITests.release.xcconfig"; sourceTree = "<group>"; };
		D90A4A70DAD81C3A9E0C6105 /* Pods-GBV3AlertModalExample.release.xcconfig */ = {isa = PBXFileReference; includeInIndex = 1; lastKnownFileType = text.xcconfig; name = "Pods-GBV3AlertModalExample.release.xcconfig"; path = "Target Support Files/Pods-GBV3AlertModalExample/Pods-GBV3AlertModalExample.release.xcconfig"; sourceTree = "<group>"; };
		FA45B8C4696D0CBC88488962 /* Pods_GBV3AlertModalExampleTests.framework */ = {isa = PBXFileReference; explicitFileType = wrapper.framework; includeInIndex = 0; path = Pods_GBV3AlertModalExampleTests.framework; sourceTree = BUILT_PRODUCTS_DIR; };
/* End PBXFileReference section */

/* Begin PBXFrameworksBuildPhase section */
		5962A4AC2935DFA100183658 /* Frameworks */ = {
			isa = PBXFrameworksBuildPhase;
			buildActionMask = 2147483647;
			files = (
				A3F62B095EBD54CB58E525AF /* Pods_GBV3AlertModalExample.framework in Frameworks */,
			);
			runOnlyForDeploymentPostprocessing = 0;
		};
		5962A4C22935DFA200183658 /* Frameworks */ = {
			isa = PBXFrameworksBuildPhase;
			buildActionMask = 2147483647;
			files = (
				0F35F090BA815AEECCCFAD8E /* Pods_GBV3AlertModalExampleTests.framework in Frameworks */,
			);
			runOnlyForDeploymentPostprocessing = 0;
		};
		5962A4CC2935DFA200183658 /* Frameworks */ = {
			isa = PBXFrameworksBuildPhase;
			buildActionMask = 2147483647;
			files = (
				8AE6DF00C2621EBAF89816B8 /* Pods_GBV3AlertModalExample_GBV3AlertModalExampleUITests.framework in Frameworks */,
			);
			runOnlyForDeploymentPostprocessing = 0;
		};
/* End PBXFrameworksBuildPhase section */

/* Begin PBXGroup section */
		5962A4A62935DFA100183658 = {
			isa = PBXGroup;
			children = (
				5962A4B12935DFA100183658 /* GBV3AlertModalExample */,
				5962A4C82935DFA200183658 /* GBV3AlertModalExampleTests */,
				5962A4D22935DFA200183658 /* GBV3AlertModalExampleUITests */,
				5962A4B02935DFA100183658 /* Products */,
				D9FE830C5F04C8342434C256 /* Pods */,
				8127A5D3838CD9E3B9355832 /* Frameworks */,
			);
			sourceTree = "<group>";
		};
		5962A4B02935DFA100183658 /* Products */ = {
			isa = PBXGroup;
			children = (
				5962A4AF2935DFA100183658 /* GBV3AlertModalExample.app */,
				5962A4C52935DFA200183658 /* GBV3AlertModalExampleTests.xctest */,
				5962A4CF2935DFA200183658 /* GBV3AlertModalExampleUITests.xctest */,
			);
			name = Products;
			sourceTree = "<group>";
		};
		5962A4B12935DFA100183658 /* GBV3AlertModalExample */ = {
			isa = PBXGroup;
			children = (
				5962A4B22935DFA100183658 /* AppDelegate.swift */,
				5962A4B62935DFA100183658 /* ViewController.swift */,
				5962A4B82935DFA100183658 /* Main.storyboard */,
				5962A4BB2935DFA200183658 /* Assets.xcassets */,
				5962A4BD2935DFA200183658 /* LaunchScreen.storyboard */,
				5962A4C02935DFA200183658 /* Info.plist */,
			);
			path = GBV3AlertModalExample;
			sourceTree = "<group>";
		};
		5962A4C82935DFA200183658 /* GBV3AlertModalExampleTests */ = {
			isa = PBXGroup;
			children = (
				5962A4C92935DFA200183658 /* GBV3AlertModalExampleTests.swift */,
			);
			path = GBV3AlertModalExampleTests;
			sourceTree = "<group>";
		};
		5962A4D22935DFA200183658 /* GBV3AlertModalExampleUITests */ = {
			isa = PBXGroup;
			children = (
				5962A4D32935DFA200183658 /* GBV3AlertModalExampleUITests.swift */,
				5962A4D52935DFA200183658 /* GBV3AlertModalExampleUITestsLaunchTests.swift */,
			);
			path = GBV3AlertModalExampleUITests;
			sourceTree = "<group>";
		};
		8127A5D3838CD9E3B9355832 /* Frameworks */ = {
			isa = PBXGroup;
			children = (
				1B7F02D18FDAAAFE64A644C9 /* Pods_GBV3AlertModalExample.framework */,
				B918DDD2951E369B2EAC3AA8 /* Pods_GBV3AlertModalExample_GBV3AlertModalExampleUITests.framework */,
				FA45B8C4696D0CBC88488962 /* Pods_GBV3AlertModalExampleTests.framework */,
			);
			name = Frameworks;
			sourceTree = "<group>";
		};
		D9FE830C5F04C8342434C256 /* Pods */ = {
			isa = PBXGroup;
			children = (
				107C63735F152D798633262C /* Pods-GBV3AlertModalExample.debug.xcconfig */,
				D90A4A70DAD81C3A9E0C6105 /* Pods-GBV3AlertModalExample.release.xcconfig */,
				716D753FD77C149DDE6A5FE1 /* Pods-GBV3AlertModalExample-GBV3AlertModalExampleUITests.debug.xcconfig */,
				BCCB58961561174508C7E298 /* Pods-GBV3AlertModalExample-GBV3AlertModalExampleUITests.release.xcconfig */,
				A26519B706EE68860F1FFA54 /* Pods-GBV3AlertModalExampleTests.debug.xcconfig */,
				000691E42DCB89CE2C2240A0 /* Pods-GBV3AlertModalExampleTests.release.xcconfig */,
			);
			name = Pods;
			path = ../../Pods;
			sourceTree = "<group>";
		};
/* End PBXGroup section */

/* Begin PBXNativeTarget section */
		5962A4AE2935DFA100183658 /* GBV3AlertModalExample */ = {
			isa = PBXNativeTarget;
			buildConfigurationList = 5962A4D92935DFA200183658 /* Build configuration list for PBXNativeTarget "GBV3AlertModalExample" */;
			buildPhases = (
				BBBECF9CB0601125C46736F7 /* [CP] Check Pods Manifest.lock */,
				5962A4AB2935DFA100183658 /* Sources */,
				5901DC5B29370CFA00FF0A94 /* Linting */,
				5962A4AC2935DFA100183658 /* Frameworks */,
				5962A4AD2935DFA100183658 /* Resources */,
			);
			buildRules = (
			);
			dependencies = (
			);
			name = GBV3AlertModalExample;
			productName = GBV3AlertModalExample;
			productReference = 5962A4AF2935DFA100183658 /* GBV3AlertModalExample.app */;
			productType = "com.apple.product-type.application";
		};
		5962A4C42935DFA200183658 /* GBV3AlertModalExampleTests */ = {
			isa = PBXNativeTarget;
			buildConfigurationList = 5962A4DC2935DFA200183658 /* Build configuration list for PBXNativeTarget "GBV3AlertModalExampleTests" */;
			buildPhases = (
				646648FF6C1CD8F232EC83CD /* [CP] Check Pods Manifest.lock */,
				5962A4C12935DFA200183658 /* Sources */,
				5901DC5C29370D1700FF0A94 /* Linting */,
				5962A4C22935DFA200183658 /* Frameworks */,
				5962A4C32935DFA200183658 /* Resources */,
				8CDE72A3834EDAFB55C172F8 /* [CP] Embed Pods Frameworks */,
			);
			buildRules = (
			);
			dependencies = (
				5962A4C72935DFA200183658 /* PBXTargetDependency */,
			);
			name = GBV3AlertModalExampleTests;
			productName = GBV3AlertModalExampleTests;
			productReference = 5962A4C52935DFA200183658 /* GBV3AlertModalExampleTests.xctest */;
			productType = "com.apple.product-type.bundle.unit-test";
		};
		5962A4CE2935DFA200183658 /* GBV3AlertModalExampleUITests */ = {
			isa = PBXNativeTarget;
			buildConfigurationList = 5962A4DF2935DFA200183658 /* Build configuration list for PBXNativeTarget "GBV3AlertModalExampleUITests" */;
			buildPhases = (
				EBC09674F79931B0422C2BE6 /* [CP] Check Pods Manifest.lock */,
				5962A4CB2935DFA200183658 /* Sources */,
				5901DC5D29370D2900FF0A94 /* Linting */,
				5962A4CC2935DFA200183658 /* Frameworks */,
				5962A4CD2935DFA200183658 /* Resources */,
			);
			buildRules = (
			);
			dependencies = (
				5962A4D12935DFA200183658 /* PBXTargetDependency */,
			);
			name = GBV3AlertModalExampleUITests;
			productName = GBV3AlertModalExampleUITests;
			productReference = 5962A4CF2935DFA200183658 /* GBV3AlertModalExampleUITests.xctest */;
			productType = "com.apple.product-type.bundle.ui-testing";
		};
/* End PBXNativeTarget section */

/* Begin PBXProject section */
		5962A4A72935DFA100183658 /* Project object */ = {
			isa = PBXProject;
			attributes = {
				BuildIndependentTargetsInParallel = 1;
				LastSwiftUpdateCheck = 1410;
				LastUpgradeCheck = 1410;
				TargetAttributes = {
					5962A4AE2935DFA100183658 = {
						CreatedOnToolsVersion = 14.1;
					};
					5962A4C42935DFA200183658 = {
						CreatedOnToolsVersion = 14.1;
						TestTargetID = 5962A4AE2935DFA100183658;
					};
					5962A4CE2935DFA200183658 = {
						CreatedOnToolsVersion = 14.1;
						TestTargetID = 5962A4AE2935DFA100183658;
					};
				};
			};
			buildConfigurationList = 5962A4AA2935DFA100183658 /* Build configuration list for PBXProject "GBV3AlertModalExample" */;
			compatibilityVersion = "Xcode 14.0";
			developmentRegion = en;
			hasScannedForEncodings = 0;
			knownRegions = (
				en,
				Base,
			);
			mainGroup = 5962A4A62935DFA100183658;
			productRefGroup = 5962A4B02935DFA100183658 /* Products */;
			projectDirPath = "";
			projectRoot = "";
			targets = (
				5962A4AE2935DFA100183658 /* GBV3AlertModalExample */,
				5962A4C42935DFA200183658 /* GBV3AlertModalExampleTests */,
				5962A4CE2935DFA200183658 /* GBV3AlertModalExampleUITests */,
			);
		};
/* End PBXProject section */

/* Begin PBXResourcesBuildPhase section */
		5962A4AD2935DFA100183658 /* Resources */ = {
			isa = PBXResourcesBuildPhase;
			buildActionMask = 2147483647;
			files = (
				5962A4BF2935DFA200183658 /* LaunchScreen.storyboard in Resources */,
				5962A4BC2935DFA200183658 /* Assets.xcassets in Resources */,
				5962A4BA2935DFA100183658 /* Main.storyboard in Resources */,
			);
			runOnlyForDeploymentPostprocessing = 0;
		};
		5962A4C32935DFA200183658 /* Resources */ = {
			isa = PBXResourcesBuildPhase;
			buildActionMask = 2147483647;
			files = (
			);
			runOnlyForDeploymentPostprocessing = 0;
		};
		5962A4CD2935DFA200183658 /* Resources */ = {
			isa = PBXResourcesBuildPhase;
			buildActionMask = 2147483647;
			files = (
			);
			runOnlyForDeploymentPostprocessing = 0;
		};
/* End PBXResourcesBuildPhase section */

/* Begin PBXShellScriptBuildPhase section */
		5901DC5B29370CFA00FF0A94 /* Linting */ = {
			isa = PBXShellScriptBuildPhase;
			alwaysOutOfDate = 1;
			buildActionMask = 2147483647;
			files = (
			);
			inputFileListPaths = (
			);
			inputPaths = (
			);
			name = Linting;
			outputFileListPaths = (
			);
			outputPaths = (
			);
			runOnlyForDeploymentPostprocessing = 0;
			shellPath = /bin/sh;
			shellScript = "\"${PODS_ROOT}/SwiftLint/swiftlint\" lint --config \"${PODS_PODFILE_DIR_PATH}/.swiftlint_example.yml\" --strict\n";
		};
		5901DC5C29370D1700FF0A94 /* Linting */ = {
			isa = PBXShellScriptBuildPhase;
			alwaysOutOfDate = 1;
			buildActionMask = 2147483647;
			files = (
			);
			inputFileListPaths = (
			);
			inputPaths = (
			);
			name = Linting;
			outputFileListPaths = (
			);
			outputPaths = (
			);
			runOnlyForDeploymentPostprocessing = 0;
			shellPath = /bin/sh;
			shellScript = "\"${PODS_ROOT}/SwiftLint/swiftlint\" lint --config \"${PODS_PODFILE_DIR_PATH}/.swiftlint_example_test.yml\" --strict\n";
		};
		5901DC5D29370D2900FF0A94 /* Linting */ = {
			isa = PBXShellScriptBuildPhase;
			alwaysOutOfDate = 1;
			buildActionMask = 2147483647;
			files = (
			);
			inputFileListPaths = (
			);
			inputPaths = (
			);
			name = Linting;
			outputFileListPaths = (
			);
			outputPaths = (
			);
			runOnlyForDeploymentPostprocessing = 0;
			shellPath = /bin/sh;
			shellScript = "\"${PODS_ROOT}/SwiftLint/swiftlint\" lint --config \"${PODS_PODFILE_DIR_PATH}/.swiftlint_example_test.yml\" --strict\n";
		};
		646648FF6C1CD8F232EC83CD /* [CP] Check Pods Manifest.lock */ = {
			isa = PBXShellScriptBuildPhase;
			buildActionMask = 2147483647;
			files = (
			);
			inputFileListPaths = (
			);
			inputPaths = (
				"${PODS_PODFILE_DIR_PATH}/Podfile.lock",
				"${PODS_ROOT}/Manifest.lock",
			);
			name = "[CP] Check Pods Manifest.lock";
			outputFileListPaths = (
			);
			outputPaths = (
				"$(DERIVED_FILE_DIR)/Pods-GBV3AlertModalExampleTests-checkManifestLockResult.txt",
			);
			runOnlyForDeploymentPostprocessing = 0;
			shellPath = /bin/sh;
			shellScript = "diff \"${PODS_PODFILE_DIR_PATH}/Podfile.lock\" \"${PODS_ROOT}/Manifest.lock\" > /dev/null\nif [ $? != 0 ] ; then\n    # print error to STDERR\n    echo \"error: The sandbox is not in sync with the Podfile.lock. Run 'pod install' or update your CocoaPods installation.\" >&2\n    exit 1\nfi\n# This output is used by Xcode 'outputs' to avoid re-running this script phase.\necho \"SUCCESS\" > \"${SCRIPT_OUTPUT_FILE_0}\"\n";
			showEnvVarsInLog = 0;
		};
		8CDE72A3834EDAFB55C172F8 /* [CP] Embed Pods Frameworks */ = {
			isa = PBXShellScriptBuildPhase;
			buildActionMask = 2147483647;
			files = (
			);
			inputFileListPaths = (
				"${PODS_ROOT}/Target Support Files/Pods-GBV3AlertModalExampleTests/Pods-GBV3AlertModalExampleTests-frameworks-${CONFIGURATION}-input-files.xcfilelist",
			);
			name = "[CP] Embed Pods Frameworks";
			outputFileListPaths = (
				"${PODS_ROOT}/Target Support Files/Pods-GBV3AlertModalExampleTests/Pods-GBV3AlertModalExampleTests-frameworks-${CONFIGURATION}-output-files.xcfilelist",
			);
			runOnlyForDeploymentPostprocessing = 0;
			shellPath = /bin/sh;
			shellScript = "\"${PODS_ROOT}/Target Support Files/Pods-GBV3AlertModalExampleTests/Pods-GBV3AlertModalExampleTests-frameworks.sh\"\n";
			showEnvVarsInLog = 0;
		};
		BBBECF9CB0601125C46736F7 /* [CP] Check Pods Manifest.lock */ = {
			isa = PBXShellScriptBuildPhase;
			buildActionMask = 2147483647;
			files = (
			);
			inputFileListPaths = (
			);
			inputPaths = (
				"${PODS_PODFILE_DIR_PATH}/Podfile.lock",
				"${PODS_ROOT}/Manifest.lock",
			);
			name = "[CP] Check Pods Manifest.lock";
			outputFileListPaths = (
			);
			outputPaths = (
				"$(DERIVED_FILE_DIR)/Pods-GBV3AlertModalExample-checkManifestLockResult.txt",
			);
			runOnlyForDeploymentPostprocessing = 0;
			shellPath = /bin/sh;
			shellScript = "diff \"${PODS_PODFILE_DIR_PATH}/Podfile.lock\" \"${PODS_ROOT}/Manifest.lock\" > /dev/null\nif [ $? != 0 ] ; then\n    # print error to STDERR\n    echo \"error: The sandbox is not in sync with the Podfile.lock. Run 'pod install' or update your CocoaPods installation.\" >&2\n    exit 1\nfi\n# This output is used by Xcode 'outputs' to avoid re-running this script phase.\necho \"SUCCESS\" > \"${SCRIPT_OUTPUT_FILE_0}\"\n";
			showEnvVarsInLog = 0;
		};
		EBC09674F79931B0422C2BE6 /* [CP] Check Pods Manifest.lock */ = {
			isa = PBXShellScriptBuildPhase;
			buildActionMask = 2147483647;
			files = (
			);
			inputFileListPaths = (
			);
			inputPaths = (
				"${PODS_PODFILE_DIR_PATH}/Podfile.lock",
				"${PODS_ROOT}/Manifest.lock",
			);
			name = "[CP] Check Pods Manifest.lock";
			outputFileListPaths = (
			);
			outputPaths = (
				"$(DERIVED_FILE_DIR)/Pods-GBV3AlertModalExample-GBV3AlertModalExampleUITests-checkManifestLockResult.txt",
			);
			runOnlyForDeploymentPostprocessing = 0;
			shellPath = /bin/sh;
			shellScript = "diff \"${PODS_PODFILE_DIR_PATH}/Podfile.lock\" \"${PODS_ROOT}/Manifest.lock\" > /dev/null\nif [ $? != 0 ] ; then\n    # print error to STDERR\n    echo \"error: The sandbox is not in sync with the Podfile.lock. Run 'pod install' or update your CocoaPods installation.\" >&2\n    exit 1\nfi\n# This output is used by Xcode 'outputs' to avoid re-running this script phase.\necho \"SUCCESS\" > \"${SCRIPT_OUTPUT_FILE_0}\"\n";
			showEnvVarsInLog = 0;
		};
/* End PBXShellScriptBuildPhase section */

/* Begin PBXSourcesBuildPhase section */
		5962A4AB2935DFA100183658 /* Sources */ = {
			isa = PBXSourcesBuildPhase;
			buildActionMask = 2147483647;
			files = (
				5962A4B72935DFA100183658 /* ViewController.swift in Sources */,
				5962A4B32935DFA100183658 /* AppDelegate.swift in Sources */,
			);
			runOnlyForDeploymentPostprocessing = 0;
		};
		5962A4C12935DFA200183658 /* Sources */ = {
			isa = PBXSourcesBuildPhase;
			buildActionMask = 2147483647;
			files = (
				5962A4CA2935DFA200183658 /* GBV3AlertModalExampleTests.swift in Sources */,
			);
			runOnlyForDeploymentPostprocessing = 0;
		};
		5962A4CB2935DFA200183658 /* Sources */ = {
			isa = PBXSourcesBuildPhase;
			buildActionMask = 2147483647;
			files = (
				5962A4D62935DFA200183658 /* GBV3AlertModalExampleUITestsLaunchTests.swift in Sources */,
				5962A4D42935DFA200183658 /* GBV3AlertModalExampleUITests.swift in Sources */,
			);
			runOnlyForDeploymentPostprocessing = 0;
		};
/* End PBXSourcesBuildPhase section */

/* Begin PBXTargetDependency section */
		5962A4C72935DFA200183658 /* PBXTargetDependency */ = {
			isa = PBXTargetDependency;
			target = 5962A4AE2935DFA100183658 /* GBV3AlertModalExample */;
			targetProxy = 5962A4C62935DFA200183658 /* PBXContainerItemProxy */;
		};
		5962A4D12935DFA200183658 /* PBXTargetDependency */ = {
			isa = PBXTargetDependency;
			target = 5962A4AE2935DFA100183658 /* GBV3AlertModalExample */;
			targetProxy = 5962A4D02935DFA200183658 /* PBXContainerItemProxy */;
		};
/* End PBXTargetDependency section */

/* Begin PBXVariantGroup section */
		5962A4B82935DFA100183658 /* Main.storyboard */ = {
			isa = PBXVariantGroup;
			children = (
				5962A4B92935DFA100183658 /* Base */,
			);
			name = Main.storyboard;
			sourceTree = "<group>";
		};
		5962A4BD2935DFA200183658 /* LaunchScreen.storyboard */ = {
			isa = PBXVariantGroup;
			children = (
				5962A4BE2935DFA200183658 /* Base */,
			);
			name = LaunchScreen.storyboard;
			sourceTree = "<group>";
		};
/* End PBXVariantGroup section */

/* Begin XCBuildConfiguration section */
		5962A4D72935DFA200183658 /* Debug */ = {
			isa = XCBuildConfiguration;
			buildSettings = {
				ALWAYS_SEARCH_USER_PATHS = NO;
				CLANG_ANALYZER_NONNULL = YES;
				CLANG_ANALYZER_NUMBER_OBJECT_CONVERSION = YES_AGGRESSIVE;
				CLANG_CXX_LANGUAGE_STANDARD = "gnu++20";
				CLANG_ENABLE_MODULES = YES;
				CLANG_ENABLE_OBJC_ARC = YES;
				CLANG_ENABLE_OBJC_WEAK = YES;
				CLANG_WARN_BLOCK_CAPTURE_AUTORELEASING = YES;
				CLANG_WARN_BOOL_CONVERSION = YES;
				CLANG_WARN_COMMA = YES;
				CLANG_WARN_CONSTANT_CONVERSION = YES;
				CLANG_WARN_DEPRECATED_OBJC_IMPLEMENTATIONS = YES;
				CLANG_WARN_DIRECT_OBJC_ISA_USAGE = YES_ERROR;
				CLANG_WARN_DOCUMENTATION_COMMENTS = YES;
				CLANG_WARN_EMPTY_BODY = YES;
				CLANG_WARN_ENUM_CONVERSION = YES;
				CLANG_WARN_INFINITE_RECURSION = YES;
				CLANG_WARN_INT_CONVERSION = YES;
				CLANG_WARN_NON_LITERAL_NULL_CONVERSION = YES;
				CLANG_WARN_OBJC_IMPLICIT_RETAIN_SELF = YES;
				CLANG_WARN_OBJC_LITERAL_CONVERSION = YES;
				CLANG_WARN_OBJC_ROOT_CLASS = YES_ERROR;
				CLANG_WARN_QUOTED_INCLUDE_IN_FRAMEWORK_HEADER = YES;
				CLANG_WARN_RANGE_LOOP_ANALYSIS = YES;
				CLANG_WARN_STRICT_PROTOTYPES = YES;
				CLANG_WARN_SUSPICIOUS_MOVE = YES;
				CLANG_WARN_UNGUARDED_AVAILABILITY = YES_AGGRESSIVE;
				CLANG_WARN_UNREACHABLE_CODE = YES;
				CLANG_WARN__DUPLICATE_METHOD_MATCH = YES;
				COPY_PHASE_STRIP = NO;
				DEBUG_INFORMATION_FORMAT = dwarf;
				ENABLE_STRICT_OBJC_MSGSEND = YES;
				ENABLE_TESTABILITY = YES;
				GCC_C_LANGUAGE_STANDARD = gnu11;
				GCC_DYNAMIC_NO_PIC = NO;
				GCC_NO_COMMON_BLOCKS = YES;
				GCC_OPTIMIZATION_LEVEL = 0;
				GCC_PREPROCESSOR_DEFINITIONS = (
					"DEBUG=1",
					"$(inherited)",
				);
				GCC_WARN_64_TO_32_BIT_CONVERSION = YES;
				GCC_WARN_ABOUT_RETURN_TYPE = YES_ERROR;
				GCC_WARN_UNDECLARED_SELECTOR = YES;
				GCC_WARN_UNINITIALIZED_AUTOS = YES_AGGRESSIVE;
				GCC_WARN_UNUSED_FUNCTION = YES;
				GCC_WARN_UNUSED_VARIABLE = YES;
				IPHONEOS_DEPLOYMENT_TARGET = 11.0;
				MTL_ENABLE_DEBUG_INFO = INCLUDE_SOURCE;
				MTL_FAST_MATH = YES;
				ONLY_ACTIVE_ARCH = YES;
				SDKROOT = iphoneos;
				SWIFT_ACTIVE_COMPILATION_CONDITIONS = DEBUG;
				SWIFT_OPTIMIZATION_LEVEL = "-Onone";
			};
			name = Debug;
		};
		5962A4D82935DFA200183658 /* Release */ = {
			isa = XCBuildConfiguration;
			buildSettings = {
				ALWAYS_SEARCH_USER_PATHS = NO;
				CLANG_ANALYZER_NONNULL = YES;
				CLANG_ANALYZER_NUMBER_OBJECT_CONVERSION = YES_AGGRESSIVE;
				CLANG_CXX_LANGUAGE_STANDARD = "gnu++20";
				CLANG_ENABLE_MODULES = YES;
				CLANG_ENABLE_OBJC_ARC = YES;
				CLANG_ENABLE_OBJC_WEAK = YES;
				CLANG_WARN_BLOCK_CAPTURE_AUTORELEASING = YES;
				CLANG_WARN_BOOL_CONVERSION = YES;
				CLANG_WARN_COMMA = YES;
				CLANG_WARN_CONSTANT_CONVERSION = YES;
				CLANG_WARN_DEPRECATED_OBJC_IMPLEMENTATIONS = YES;
				CLANG_WARN_DIRECT_OBJC_ISA_USAGE = YES_ERROR;
				CLANG_WARN_DOCUMENTATION_COMMENTS = YES;
				CLANG_WARN_EMPTY_BODY = YES;
				CLANG_WARN_ENUM_CONVERSION = YES;
				CLANG_WARN_INFINITE_RECURSION = YES;
				CLANG_WARN_INT_CONVERSION = YES;
				CLANG_WARN_NON_LITERAL_NULL_CONVERSION = YES;
				CLANG_WARN_OBJC_IMPLICIT_RETAIN_SELF = YES;
				CLANG_WARN_OBJC_LITERAL_CONVERSION = YES;
				CLANG_WARN_OBJC_ROOT_CLASS = YES_ERROR;
				CLANG_WARN_QUOTED_INCLUDE_IN_FRAMEWORK_HEADER = YES;
				CLANG_WARN_RANGE_LOOP_ANALYSIS = YES;
				CLANG_WARN_STRICT_PROTOTYPES = YES;
				CLANG_WARN_SUSPICIOUS_MOVE = YES;
				CLANG_WARN_UNGUARDED_AVAILABILITY = YES_AGGRESSIVE;
				CLANG_WARN_UNREACHABLE_CODE = YES;
				CLANG_WARN__DUPLICATE_METHOD_MATCH = YES;
				COPY_PHASE_STRIP = NO;
				DEBUG_INFORMATION_FORMAT = "dwarf-with-dsym";
				ENABLE_NS_ASSERTIONS = NO;
				ENABLE_STRICT_OBJC_MSGSEND = YES;
				GCC_C_LANGUAGE_STANDARD = gnu11;
				GCC_NO_COMMON_BLOCKS = YES;
				GCC_WARN_64_TO_32_BIT_CONVERSION = YES;
				GCC_WARN_ABOUT_RETURN_TYPE = YES_ERROR;
				GCC_WARN_UNDECLARED_SELECTOR = YES;
				GCC_WARN_UNINITIALIZED_AUTOS = YES_AGGRESSIVE;
				GCC_WARN_UNUSED_FUNCTION = YES;
				GCC_WARN_UNUSED_VARIABLE = YES;
				IPHONEOS_DEPLOYMENT_TARGET = 11.0;
				MTL_ENABLE_DEBUG_INFO = NO;
				MTL_FAST_MATH = YES;
				SDKROOT = iphoneos;
				SWIFT_COMPILATION_MODE = wholemodule;
				SWIFT_OPTIMIZATION_LEVEL = "-O";
				VALIDATE_PRODUCT = YES;
			};
			name = Release;
		};
		5962A4DA2935DFA200183658 /* Debug */ = {
			isa = XCBuildConfiguration;
			baseConfigurationReference = 107C63735F152D798633262C /* Pods-GBV3AlertModalExample.debug.xcconfig */;
			buildSettings = {
				ASSETCATALOG_COMPILER_APPICON_NAME = AppIcon;
				ASSETCATALOG_COMPILER_GLOBAL_ACCENT_COLOR_NAME = AccentColor;
				CODE_SIGN_STYLE = Automatic;
				CURRENT_PROJECT_VERSION = 1;
				DEVELOPMENT_TEAM = 68M5L3KNEH;
				GENERATE_INFOPLIST_FILE = YES;
				INFOPLIST_FILE = GBV3AlertModalExample/Info.plist;
				INFOPLIST_KEY_UIApplicationSupportsIndirectInputEvents = YES;
				INFOPLIST_KEY_UILaunchStoryboardName = LaunchScreen;
				INFOPLIST_KEY_UIMainStoryboardFile = Main;
				INFOPLIST_KEY_UISupportedInterfaceOrientations_iPad = "UIInterfaceOrientationPortrait UIInterfaceOrientationPortraitUpsideDown UIInterfaceOrientationLandscapeLeft UIInterfaceOrientationLandscapeRight";
				INFOPLIST_KEY_UISupportedInterfaceOrientations_iPhone = "UIInterfaceOrientationPortrait UIInterfaceOrientationLandscapeLeft UIInterfaceOrientationLandscapeRight";
				IPHONEOS_DEPLOYMENT_TARGET = 11.0;
				LD_RUNPATH_SEARCH_PATHS = (
					"$(inherited)",
					"@executable_path/Frameworks",
				);
				MARKETING_VERSION = 1.0;
				PRODUCT_BUNDLE_IDENTIFIER = com.geniebook.GBV3AlertModalExample;
				PRODUCT_NAME = "$(TARGET_NAME)";
				SUPPORTED_PLATFORMS = "iphoneos iphonesimulator";
				SUPPORTS_MACCATALYST = NO;
				SUPPORTS_MAC_DESIGNED_FOR_IPHONE_IPAD = YES;
				SWIFT_EMIT_LOC_STRINGS = YES;
				SWIFT_VERSION = 5.0;
				TARGETED_DEVICE_FAMILY = "1,2";
			};
			name = Debug;
		};
		5962A4DB2935DFA200183658 /* Release */ = {
			isa = XCBuildConfiguration;
			baseConfigurationReference = D90A4A70DAD81C3A9E0C6105 /* Pods-GBV3AlertModalExample.release.xcconfig */;
			buildSettings = {
				ASSETCATALOG_COMPILER_APPICON_NAME = AppIcon;
				ASSETCATALOG_COMPILER_GLOBAL_ACCENT_COLOR_NAME = AccentColor;
				CODE_SIGN_STYLE = Automatic;
				CURRENT_PROJECT_VERSION = 1;
				DEVELOPMENT_TEAM = 68M5L3KNEH;
				GENERATE_INFOPLIST_FILE = YES;
				INFOPLIST_FILE = GBV3AlertModalExample/Info.plist;
				INFOPLIST_KEY_UIApplicationSupportsIndirectInputEvents = YES;
				INFOPLIST_KEY_UILaunchStoryboardName = LaunchScreen;
				INFOPLIST_KEY_UIMainStoryboardFile = Main;
				INFOPLIST_KEY_UISupportedInterfaceOrientations_iPad = "UIInterfaceOrientationPortrait UIInterfaceOrientationPortraitUpsideDown UIInterfaceOrientationLandscapeLeft UIInterfaceOrientationLandscapeRight";
				INFOPLIST_KEY_UISupportedInterfaceOrientations_iPhone = "UIInterfaceOrientationPortrait UIInterfaceOrientationLandscapeLeft UIInterfaceOrientationLandscapeRight";
				IPHONEOS_DEPLOYMENT_TARGET = 11.0;
				LD_RUNPATH_SEARCH_PATHS = (
					"$(inherited)",
					"@executable_path/Frameworks",
				);
				MARKETING_VERSION = 1.0;
				PRODUCT_BUNDLE_IDENTIFIER = com.geniebook.GBV3AlertModalExample;
				PRODUCT_NAME = "$(TARGET_NAME)";
				SUPPORTED_PLATFORMS = "iphoneos iphonesimulator";
				SUPPORTS_MACCATALYST = NO;
				SUPPORTS_MAC_DESIGNED_FOR_IPHONE_IPAD = YES;
				SWIFT_EMIT_LOC_STRINGS = YES;
				SWIFT_VERSION = 5.0;
				TARGETED_DEVICE_FAMILY = "1,2";
			};
			name = Release;
		};
		5962A4DD2935DFA200183658 /* Debug */ = {
			isa = XCBuildConfiguration;
			baseConfigurationReference = A26519B706EE68860F1FFA54 /* Pods-GBV3AlertModalExampleTests.debug.xcconfig */;
			buildSettings = {
				ALWAYS_EMBED_SWIFT_STANDARD_LIBRARIES = YES;
				BUNDLE_LOADER = "$(TEST_HOST)";
				CODE_SIGN_STYLE = Automatic;
				CURRENT_PROJECT_VERSION = 1;
				DEVELOPMENT_TEAM = 68M5L3KNEH;
				GENERATE_INFOPLIST_FILE = YES;
				IPHONEOS_DEPLOYMENT_TARGET = 11.0;
				MARKETING_VERSION = 1.0;
				PRODUCT_BUNDLE_IDENTIFIER = com.geniebook.GBV3AlertModalExampleTests;
				PRODUCT_NAME = "$(TARGET_NAME)";
				SUPPORTED_PLATFORMS = "iphoneos iphonesimulator";
				SUPPORTS_MACCATALYST = NO;
				SUPPORTS_MAC_DESIGNED_FOR_IPHONE_IPAD = YES;
				SWIFT_EMIT_LOC_STRINGS = NO;
				SWIFT_VERSION = 5.0;
				TARGETED_DEVICE_FAMILY = "1,2";
				TEST_HOST = "$(BUILT_PRODUCTS_DIR)/GBV3AlertModalExample.app/$(BUNDLE_EXECUTABLE_FOLDER_PATH)/GBV3AlertModalExample";
			};
			name = Debug;
		};
		5962A4DE2935DFA200183658 /* Release */ = {
			isa = XCBuildConfiguration;
			baseConfigurationReference = 000691E42DCB89CE2C2240A0 /* Pods-GBV3AlertModalExampleTests.release.xcconfig */;
			buildSettings = {
				ALWAYS_EMBED_SWIFT_STANDARD_LIBRARIES = YES;
				BUNDLE_LOADER = "$(TEST_HOST)";
				CODE_SIGN_STYLE = Automatic;
				CURRENT_PROJECT_VERSION = 1;
				DEVELOPMENT_TEAM = 68M5L3KNEH;
				GENERATE_INFOPLIST_FILE = YES;
				IPHONEOS_DEPLOYMENT_TARGET = 11.0;
				MARKETING_VERSION = 1.0;
				PRODUCT_BUNDLE_IDENTIFIER = com.geniebook.GBV3AlertModalExampleTests;
				PRODUCT_NAME = "$(TARGET_NAME)";
				SUPPORTED_PLATFORMS = "iphoneos iphonesimulator";
				SUPPORTS_MACCATALYST = NO;
				SUPPORTS_MAC_DESIGNED_FOR_IPHONE_IPAD = YES;
				SWIFT_EMIT_LOC_STRINGS = NO;
				SWIFT_VERSION = 5.0;
				TARGETED_DEVICE_FAMILY = "1,2";
				TEST_HOST = "$(BUILT_PRODUCTS_DIR)/GBV3AlertModalExample.app/$(BUNDLE_EXECUTABLE_FOLDER_PATH)/GBV3AlertModalExample";
			};
			name = Release;
		};
		5962A4E02935DFA200183658 /* Debug */ = {
			isa = XCBuildConfiguration;
			baseConfigurationReference = 716D753FD77C149DDE6A5FE1 /* Pods-GBV3AlertModalExample-GBV3AlertModalExampleUITests.debug.xcconfig */;
			buildSettings = {
				ALWAYS_EMBED_SWIFT_STANDARD_LIBRARIES = YES;
				CODE_SIGN_STYLE = Automatic;
				CURRENT_PROJECT_VERSION = 1;
				DEVELOPMENT_TEAM = 68M5L3KNEH;
				GENERATE_INFOPLIST_FILE = YES;
				IPHONEOS_DEPLOYMENT_TARGET = 11.0;
				MARKETING_VERSION = 1.0;
				PRODUCT_BUNDLE_IDENTIFIER = com.geniebook.GBV3AlertModalExampleUITests;
				PRODUCT_NAME = "$(TARGET_NAME)";
				SUPPORTED_PLATFORMS = "iphoneos iphonesimulator";
				SUPPORTS_MACCATALYST = NO;
				SUPPORTS_MAC_DESIGNED_FOR_IPHONE_IPAD = YES;
				SWIFT_EMIT_LOC_STRINGS = NO;
				SWIFT_VERSION = 5.0;
				TARGETED_DEVICE_FAMILY = "1,2";
				TEST_TARGET_NAME = GBV3AlertModalExample;
			};
			name = Debug;
		};
		5962A4E12935DFA200183658 /* Release */ = {
			isa = XCBuildConfiguration;
			baseConfigurationReference = BCCB58961561174508C7E298 /* Pods-GBV3AlertModalExample-GBV3AlertModalExampleUITests.release.xcconfig */;
			buildSettings = {
				ALWAYS_EMBED_SWIFT_STANDARD_LIBRARIES = YES;
				CODE_SIGN_STYLE = Automatic;
				CURRENT_PROJECT_VERSION = 1;
				DEVELOPMENT_TEAM = 68M5L3KNEH;
				GENERATE_INFOPLIST_FILE = YES;
				IPHONEOS_DEPLOYMENT_TARGET = 11.0;
				MARKETING_VERSION = 1.0;
				PRODUCT_BUNDLE_IDENTIFIER = com.geniebook.GBV3AlertModalExampleUITests;
				PRODUCT_NAME = "$(TARGET_NAME)";
				SUPPORTED_PLATFORMS = "iphoneos iphonesimulator";
				SUPPORTS_MACCATALYST = NO;
				SUPPORTS_MAC_DESIGNED_FOR_IPHONE_IPAD = YES;
				SWIFT_EMIT_LOC_STRINGS = NO;
				SWIFT_VERSION = 5.0;
				TARGETED_DEVICE_FAMILY = "1,2";
				TEST_TARGET_NAME = GBV3AlertModalExample;
			};
			name = Release;
		};
/* End XCBuildConfiguration section */

/* Begin XCConfigurationList section */
		5962A4AA2935DFA100183658 /* Build configuration list for PBXProject "GBV3AlertModalExample" */ = {
			isa = XCConfigurationList;
			buildConfigurations = (
				5962A4D72935DFA200183658 /* Debug */,
				5962A4D82935DFA200183658 /* Release */,
			);
			defaultConfigurationIsVisible = 0;
			defaultConfigurationName = Release;
		};
		5962A4D92935DFA200183658 /* Build configuration list for PBXNativeTarget "GBV3AlertModalExample" */ = {
			isa = XCConfigurationList;
			buildConfigurations = (
				5962A4DA2935DFA200183658 /* Debug */,
				5962A4DB2935DFA200183658 /* Release */,
			);
			defaultConfigurationIsVisible = 0;
			defaultConfigurationName = Release;
		};
		5962A4DC2935DFA200183658 /* Build configuration list for PBXNativeTarget "GBV3AlertModalExampleTests" */ = {
			isa = XCConfigurationList;
			buildConfigurations = (
				5962A4DD2935DFA200183658 /* Debug */,
				5962A4DE2935DFA200183658 /* Release */,
			);
			defaultConfigurationIsVisible = 0;
			defaultConfigurationName = Release;
		};
		5962A4DF2935DFA200183658 /* Build configuration list for PBXNativeTarget "GBV3AlertModalExampleUITests" */ = {
			isa = XCConfigurationList;
			buildConfigurations = (
				5962A4E02935DFA200183658 /* Debug */,
				5962A4E12935DFA200183658 /* Release */,
			);
			defaultConfigurationIsVisible = 0;
			defaultConfigurationName = Release;
		};
/* End XCConfigurationList section */
	};
	rootObject = 5962A4A72935DFA100183658 /* Project object */;
}
