// !$*UTF8*$!
{
	archiveVersion = 1;
	classes = {
	};
	objectVersion = 77;
	objects = {

/* Begin PBXBuildFile section */
		5907CCAA2F258613006DF5A5 /* GBV3AlertModal in Frameworks */ = {isa = PBXBuildFile; productRef = 5907CCA92F258613006DF5A5 /* GBV3AlertModal */; };
		AA01FF0000000000000000A3 /* ViewInspector in Frameworks */ = {isa = PBXBuildFile; productRef = AA01FF0000000000000000A2 /* ViewInspector */; };
		E10000000000000000000001 /* GBV3AlertModalCore in Frameworks */ = {isa = PBXBuildFile; productRef = E10000000000000000000002 /* GBV3AlertModalCore */; };
		E10000000000000000000003 /* GBV3AlertModalSwiftUI in Frameworks */ = {isa = PBXBuildFile; productRef = E10000000000000000000004 /* GBV3AlertModalSwiftUI */; };
		E10000000000000000000010 /* Assets.xcassets in Resources */ = {isa = PBXBuildFile; fileRef = E10000000000000000000008 /* Assets.xcassets */; };
		3567F5F9DB3772B53171BFDA /* DialogCatalogSmokeTests.swift in Sources */ = {isa = PBXBuildFile; fileRef = 67D7397FE64CF510E4C54DDA /* DialogCatalogSmokeTests.swift */; };
		15D837B7443427679455B3AA /* AlertResolutionTests.swift in Sources */ = {isa = PBXBuildFile; fileRef = 208B6DB5BEF6BE7A0B59FDFB /* AlertResolutionTests.swift */; };
		01B9BAB389F03BF4E18FF491 /* GenerationGuardTests.swift in Sources */ = {isa = PBXBuildFile; fileRef = EE42C37D4823D8857ABCACE7 /* GenerationGuardTests.swift */; };
		CA10A0010000000000000001 /* CatalogContractTests.swift in Sources */ = {isa = PBXBuildFile; fileRef = CA10A0020000000000000001 /* CatalogContractTests.swift */; };
		5962A4D42935DFA200183658 /* GBV3AlertModalExampleUITests.swift in Sources */ = {isa = PBXBuildFile; fileRef = 5962A4D32935DFA200183658 /* GBV3AlertModalExampleUITests.swift */; };
/* End PBXBuildFile section */

/* Begin PBXContainerItemProxy section */
		5962A4C62935DFA200183658 /* PBXContainerItemProxy */ = {
			isa = PBXContainerItemProxy;
			containerPortal = 5962A4A72935DFA100183658 /* Project object */;
			proxyType = 1;
			remoteGlobalIDString = 5962A4AE2935DFA100183658;
			remoteInfo = GBV3AlertModalExample;
		};
		5962A4D02935DFA200183658 /* PBXContainerItemProxy */ = {
			isa = PBXContainerItemProxy;
			containerPortal = 5962A4A72935DFA100183658 /* Project object */;
			proxyType = 1;
			remoteGlobalIDString = 5962A4AE2935DFA100183658;
			remoteInfo = GBV3AlertModalExample;
		};
/* End PBXContainerItemProxy section */

/* Begin PBXFileReference section */
		5962A4AF2935DFA100183658 /* GBV3AlertModalExample.app */ = {isa = PBXFileReference; explicitFileType = wrapper.application; includeInIndex = 0; path = GBV3AlertModalExample.app; sourceTree = BUILT_PRODUCTS_DIR; };
		E10000000000000000000005 /* GBV3AlertModalSwiftUIExample.app */ = {isa = PBXFileReference; explicitFileType = wrapper.application; includeInIndex = 0; path = GBV3AlertModalSwiftUIExample.app; sourceTree = BUILT_PRODUCTS_DIR; };
		E10000000000000000000008 /* Assets.xcassets */ = {isa = PBXFileReference; lastKnownFileType = folder.assetcatalog; path = GBV3AlertModalExample/Assets.xcassets; sourceTree = "<group>"; };
		5962A4C52935DFA200183658 /* GBV3AlertModalExampleTests.xctest */ = {isa = PBXFileReference; explicitFileType = wrapper.cfbundle; includeInIndex = 0; path = GBV3AlertModalExampleTests.xctest; sourceTree = BUILT_PRODUCTS_DIR; };
		67D7397FE64CF510E4C54DDA /* DialogCatalogSmokeTests.swift */ = {isa = PBXFileReference; lastKnownFileType = sourcecode.swift; path = DialogCatalogSmokeTests.swift; sourceTree = "<group>"; };
		208B6DB5BEF6BE7A0B59FDFB /* AlertResolutionTests.swift */ = {isa = PBXFileReference; lastKnownFileType = sourcecode.swift; path = AlertResolutionTests.swift; sourceTree = "<group>"; };
		EE42C37D4823D8857ABCACE7 /* GenerationGuardTests.swift */ = {isa = PBXFileReference; lastKnownFileType = sourcecode.swift; path = GenerationGuardTests.swift; sourceTree = "<group>"; };
		CA10A0020000000000000001 /* CatalogContractTests.swift */ = {isa = PBXFileReference; lastKnownFileType = sourcecode.swift; path = CatalogContractTests.swift; sourceTree = "<group>"; };
		5962A4CF2935DFA200183658 /* GBV3AlertModalExampleUITests.xctest */ = {isa = PBXFileReference; explicitFileType = wrapper.cfbundle; includeInIndex = 0; path = GBV3AlertModalExampleUITests.xctest; sourceTree = BUILT_PRODUCTS_DIR; };
		5962A4D32935DFA200183658 /* GBV3AlertModalExampleUITests.swift */ = {isa = PBXFileReference; lastKnownFileType = sourcecode.swift; path = GBV3AlertModalExampleUITests.swift; sourceTree = "<group>"; };
/* End PBXFileReference section */

/* Begin PBXFileSystemSynchronizedBuildFileExceptionSet section */
		2C900388D44C7837D3ED1A6E /* Exceptions for "GBV3AlertModalExample" folder in "GBV3AlertModalExample" target */ = {
			isa = PBXFileSystemSynchronizedBuildFileExceptionSet;
			membershipExceptions = (
				Info.plist,
			);
			target = 5962A4AE2935DFA100183658 /* GBV3AlertModalExample */;
		};
/* End PBXFileSystemSynchronizedBuildFileExceptionSet section */

/* Begin PBXFileSystemSynchronizedRootGroup section */
		AC2006C6BA6E8D27A8C6647C /* GBV3AlertModalExample */ = {
			isa = PBXFileSystemSynchronizedRootGroup;
			exceptions = (
				2C900388D44C7837D3ED1A6E /* Exceptions for "GBV3AlertModalExample" folder in "GBV3AlertModalExample" target */,
			);
			path = GBV3AlertModalExample;
			sourceTree = "<group>";
		};
		E10000000000000000000006 /* SwiftUI Catalog Sources */ = {
			isa = PBXFileSystemSynchronizedRootGroup;
			path = GBV3AlertModalExample/SwiftUI;
			sourceTree = "<group>";
		};
		E10000000000000000000100 /* Shared Catalog Sources */ = {
			isa = PBXFileSystemSynchronizedRootGroup;
			path = GBV3AlertModalExample/Shared;
			sourceTree = "<group>";
		};
		E10000000000000000000007 /* GBV3AlertModalSwiftUIExample */ = {
			isa = PBXFileSystemSynchronizedRootGroup;
			path = GBV3AlertModalSwiftUIExample;
			sourceTree = "<group>";
		};
/* End PBXFileSystemSynchronizedRootGroup section */

/* Begin PBXFrameworksBuildPhase section */
		5962A4AC2935DFA100183658 /* Frameworks */ = {
			isa = PBXFrameworksBuildPhase;
			buildActionMask = 2147483647;
			files = (
				5907CCAA2F258613006DF5A5 /* GBV3AlertModal in Frameworks */,
			);
			runOnlyForDeploymentPostprocessing = 0;
		};
		5962A4C22935DFA200183658 /* Frameworks */ = {
			isa = PBXFrameworksBuildPhase;
			buildActionMask = 2147483647;
			files = (
				AA01FF0000000000000000A3 /* ViewInspector in Frameworks */,
			);
			runOnlyForDeploymentPostprocessing = 0;
		};
		5962A4CC2935DFA200183658 /* Frameworks */ = {
			isa = PBXFrameworksBuildPhase;
			buildActionMask = 2147483647;
			files = (
			);
			runOnlyForDeploymentPostprocessing = 0;
		};
		E10000000000000000000009 /* Frameworks */ = {
			isa = PBXFrameworksBuildPhase;
			buildActionMask = 2147483647;
			files = (
				E10000000000000000000001 /* GBV3AlertModalCore in Frameworks */,
				E10000000000000000000003 /* GBV3AlertModalSwiftUI in Frameworks */,
			);
			runOnlyForDeploymentPostprocessing = 0;
		};
/* End PBXFrameworksBuildPhase section */

/* Begin PBXGroup section */
		5962A4A62935DFA100183658 = {
			isa = PBXGroup;
			children = (
				AC2006C6BA6E8D27A8C6647C /* GBV3AlertModalExample */,
				E10000000000000000000006 /* SwiftUI Catalog Sources */,
				E10000000000000000000100 /* Shared Catalog Sources */,
				E10000000000000000000007 /* GBV3AlertModalSwiftUIExample */,
				E10000000000000000000008 /* Assets.xcassets */,
				5962A4C82935DFA200183658 /* GBV3AlertModalExampleTests */,
				5962A4D22935DFA200183658 /* GBV3AlertModalExampleUITests */,
				5962A4B02935DFA100183658 /* Products */,
			);
			sourceTree = "<group>";
		};
		5962A4B02935DFA100183658 /* Products */ = {
			isa = PBXGroup;
			children = (
				5962A4AF2935DFA100183658 /* GBV3AlertModalExample.app */,
				E10000000000000000000005 /* GBV3AlertModalSwiftUIExample.app */,
				5962A4C52935DFA200183658 /* GBV3AlertModalExampleTests.xctest */,
				5962A4CF2935DFA200183658 /* GBV3AlertModalExampleUITests.xctest */,
			);
			name = Products;
			sourceTree = "<group>";
		};
		5962A4C82935DFA200183658 /* GBV3AlertModalExampleTests */ = {
			isa = PBXGroup;
			children = (
				67D7397FE64CF510E4C54DDA /* DialogCatalogSmokeTests.swift */,
				208B6DB5BEF6BE7A0B59FDFB /* AlertResolutionTests.swift */,
				EE42C37D4823D8857ABCACE7 /* GenerationGuardTests.swift */,
				CA10A0020000000000000001 /* CatalogContractTests.swift */,
			);
			path = GBV3AlertModalExampleTests;
			sourceTree = "<group>";
		};
		5962A4D22935DFA200183658 /* GBV3AlertModalExampleUITests */ = {
			isa = PBXGroup;
			children = (
				5962A4D32935DFA200183658 /* GBV3AlertModalExampleUITests.swift */,
			);
			path = GBV3AlertModalExampleUITests;
			sourceTree = "<group>";
		};
/* End PBXGroup section */

/* Begin PBXNativeTarget section */
		5962A4AE2935DFA100183658 /* GBV3AlertModalExample */ = {
			isa = PBXNativeTarget;
			buildConfigurationList = 5962A4D92935DFA200183658 /* Build configuration list for PBXNativeTarget "GBV3AlertModalExample" */;
			buildPhases = (
				5962A4AB2935DFA100183658 /* Sources */,
				5962A4AC2935DFA100183658 /* Frameworks */,
				5962A4AD2935DFA100183658 /* Resources */,
			);
			buildRules = (
			);
			dependencies = (
			);
			fileSystemSynchronizedGroups = (
				AC2006C6BA6E8D27A8C6647C /* GBV3AlertModalExample */,
			);
			name = GBV3AlertModalExample;
			productName = GBV3AlertModalExample;
			productReference = 5962A4AF2935DFA100183658 /* GBV3AlertModalExample.app */;
			productType = "com.apple.product-type.application";
		};
		5962A4C42935DFA200183658 /* GBV3AlertModalExampleTests */ = {
			isa = PBXNativeTarget;
			buildConfigurationList = 5962A4DC2935DFA200183658 /* Build configuration list for PBXNativeTarget "GBV3AlertModalExampleTests" */;
			buildPhases = (
				5962A4C12935DFA200183658 /* Sources */,
				5962A4C22935DFA200183658 /* Frameworks */,
				5962A4C32935DFA200183658 /* Resources */,
			);
			buildRules = (
			);
			dependencies = (
				5962A4C72935DFA200183658 /* PBXTargetDependency */,
			);
			name = GBV3AlertModalExampleTests;
			packageProductDependencies = (
				AA01FF0000000000000000A2 /* ViewInspector */,
			);
			productName = GBV3AlertModalExampleTests;
			productReference = 5962A4C52935DFA200183658 /* GBV3AlertModalExampleTests.xctest */;
			productType = "com.apple.product-type.bundle.unit-test";
		};
		5962A4CE2935DFA200183658 /* GBV3AlertModalExampleUITests */ = {
			isa = PBXNativeTarget;
			buildConfigurationList = 5962A4DF2935DFA200183658 /* Build configuration list for PBXNativeTarget "GBV3AlertModalExampleUITests" */;
			buildPhases = (
				5962A4CB2935DFA200183658 /* Sources */,
				5962A4CC2935DFA200183658 /* Frameworks */,
				5962A4CD2935DFA200183658 /* Resources */,
			);
			buildRules = (
			);
			dependencies = (
				5962A4D12935DFA200183658 /* PBXTargetDependency */,
			);
			name = GBV3AlertModalExampleUITests;
			productName = GBV3AlertModalExampleUITests;
			productReference = 5962A4CF2935DFA200183658 /* GBV3AlertModalExampleUITests.xctest */;
			productType = "com.apple.product-type.bundle.ui-testing";
		};
		E1000000000000000000000A /* GBV3AlertModalSwiftUIExample */ = {
			isa = PBXNativeTarget;
			buildConfigurationList = E1000000000000000000000B /* Build configuration list for PBXNativeTarget "GBV3AlertModalSwiftUIExample" */;
			buildPhases = (
				E1000000000000000000000C /* Sources */,
				E10000000000000000000009 /* Frameworks */,
				E1000000000000000000000D /* Resources */,
			);
			buildRules = (
			);
			dependencies = (
			);
			fileSystemSynchronizedGroups = (
				E10000000000000000000006 /* SwiftUI Catalog Sources */,
				E10000000000000000000100 /* Shared Catalog Sources */,
				E10000000000000000000007 /* GBV3AlertModalSwiftUIExample */,
			);
			name = GBV3AlertModalSwiftUIExample;
			packageProductDependencies = (
				E10000000000000000000002 /* GBV3AlertModalCore */,
				E10000000000000000000004 /* GBV3AlertModalSwiftUI */,
			);
			productName = GBV3AlertModalSwiftUIExample;
			productReference = E10000000000000000000005 /* GBV3AlertModalSwiftUIExample.app */;
			productType = "com.apple.product-type.application";
		};
/* End PBXNativeTarget section */

/* Begin PBXProject section */
		5962A4A72935DFA100183658 /* Project object */ = {
			isa = PBXProject;
			attributes = {
				BuildIndependentTargetsInParallel = 1;
				LastSwiftUpdateCheck = 1410;
				LastUpgradeCheck = 2600;
				TargetAttributes = {
					5962A4AE2935DFA100183658 = {
						CreatedOnToolsVersion = 14.1;
					};
					5962A4C42935DFA200183658 = {
						CreatedOnToolsVersion = 14.1;
						TestTargetID = 5962A4AE2935DFA100183658;
					};
					5962A4CE2935DFA200183658 = {
						CreatedOnToolsVersion = 14.1;
						TestTargetID = 5962A4AE2935DFA100183658;
					};
					E1000000000000000000000A = {
						CreatedOnToolsVersion = 26.0;
					};
				};
			};
			buildConfigurationList = 5962A4AA2935DFA100183658 /* Build configuration list for PBXProject "GBV3AlertModalExample" */;
			compatibilityVersion = "Xcode 16.0";
			developmentRegion = en;
			hasScannedForEncodings = 0;
			knownRegions = (
				en,
				Base,
			);
			mainGroup = 5962A4A62935DFA100183658;
			packageReferences = (
				C26FFF611997680E529907C4 /* XCLocalSwiftPackageReference ".." */,
				AA01FF0000000000000000A1 /* XCRemoteSwiftPackageReference "ViewInspector" */,
			);
			productRefGroup = 5962A4B02935DFA100183658 /* Products */;
			projectDirPath = "";
			projectRoot = "";
			targets = (
				5962A4AE2935DFA100183658 /* GBV3AlertModalExample */,
				5962A4C42935DFA200183658 /* GBV3AlertModalExampleTests */,
				5962A4CE2935DFA200183658 /* GBV3AlertModalExampleUITests */,
				E1000000000000000000000A /* GBV3AlertModalSwiftUIExample */,
			);
		};
/* End PBXProject section */

/* Begin PBXResourcesBuildPhase section */
		5962A4AD2935DFA100183658 /* Resources */ = {
			isa = PBXResourcesBuildPhase;
			buildActionMask = 2147483647;
			files = (
			);
			runOnlyForDeploymentPostprocessing = 0;
		};
		5962A4C32935DFA200183658 /* Resources */ = {
			isa = PBXResourcesBuildPhase;
			buildActionMask = 2147483647;
			files = (
			);
			runOnlyForDeploymentPostprocessing = 0;
		};
		5962A4CD2935DFA200183658 /* Resources */ = {
			isa = PBXResourcesBuildPhase;
			buildActionMask = 2147483647;
			files = (
			);
			runOnlyForDeploymentPostprocessing = 0;
		};
		E1000000000000000000000D /* Resources */ = {
			isa = PBXResourcesBuildPhase;
			buildActionMask = 2147483647;
			files = (
				E10000000000000000000010 /* Assets.xcassets in Resources */,
			);
			runOnlyForDeploymentPostprocessing = 0;
		};
/* End PBXResourcesBuildPhase section */

/* Begin PBXSourcesBuildPhase section */
		5962A4AB2935DFA100183658 /* Sources */ = {
			isa = PBXSourcesBuildPhase;
			buildActionMask = 2147483647;
			files = (
			);
			runOnlyForDeploymentPostprocessing = 0;
		};
		5962A4C12935DFA200183658 /* Sources */ = {
			isa = PBXSourcesBuildPhase;
			buildActionMask = 2147483647;
			files = (
				3567F5F9DB3772B53171BFDA /* DialogCatalogSmokeTests.swift in Sources */,
				15D837B7443427679455B3AA /* AlertResolutionTests.swift in Sources */,
				01B9BAB389F03BF4E18FF491 /* GenerationGuardTests.swift in Sources */,
				CA10A0010000000000000001 /* CatalogContractTests.swift in Sources */,
			);
			runOnlyForDeploymentPostprocessing = 0;
		};
		5962A4CB2935DFA200183658 /* Sources */ = {
			isa = PBXSourcesBuildPhase;
			buildActionMask = 2147483647;
			files = (
				5962A4D42935DFA200183658 /* GBV3AlertModalExampleUITests.swift in Sources */,
			);
			runOnlyForDeploymentPostprocessing = 0;
		};
		E1000000000000000000000C /* Sources */ = {
			isa = PBXSourcesBuildPhase;
			buildActionMask = 2147483647;
			files = (
			);
			runOnlyForDeploymentPostprocessing = 0;
		};
/* End PBXSourcesBuildPhase section */

/* Begin PBXTargetDependency section */
		5962A4C72935DFA200183658 /* PBXTargetDependency */ = {
			isa = PBXTargetDependency;
			target = 5962A4AE2935DFA100183658 /* GBV3AlertModalExample */;
			targetProxy = 5962A4C62935DFA200183658 /* PBXContainerItemProxy */;
		};
		5962A4D12935DFA200183658 /* PBXTargetDependency */ = {
			isa = PBXTargetDependency;
			target = 5962A4AE2935DFA100183658 /* GBV3AlertModalExample */;
			targetProxy = 5962A4D02935DFA200183658 /* PBXContainerItemProxy */;
		};
/* End PBXTargetDependency section */

/* Begin XCBuildConfiguration section */
		5962A4D72935DFA200183658 /* Debug */ = {
			isa = XCBuildConfiguration;
			buildSettings = {
				ALWAYS_SEARCH_USER_PATHS = NO;
				CLANG_ANALYZER_NONNULL = YES;
				CLANG_ANALYZER_NUMBER_OBJECT_CONVERSION = YES_AGGRESSIVE;
				CLANG_CXX_LANGUAGE_STANDARD = "gnu++20";
				CLANG_ENABLE_MODULES = YES;
				CLANG_ENABLE_OBJC_ARC = YES;
				CLANG_ENABLE_OBJC_WEAK = YES;
				CLANG_WARN_BLOCK_CAPTURE_AUTORELEASING = YES;
				CLANG_WARN_BOOL_CONVERSION = YES;
				CLANG_WARN_COMMA = YES;
				CLANG_WARN_CONSTANT_CONVERSION = YES;
				CLANG_WARN_DEPRECATED_OBJC_IMPLEMENTATIONS = YES;
				CLANG_WARN_DIRECT_OBJC_ISA_USAGE = YES_ERROR;
				CLANG_WARN_DOCUMENTATION_COMMENTS = YES;
				CLANG_WARN_EMPTY_BODY = YES;
				CLANG_WARN_ENUM_CONVERSION = YES;
				CLANG_WARN_INFINITE_RECURSION = YES;
				CLANG_WARN_INT_CONVERSION = YES;
				CLANG_WARN_NON_LITERAL_NULL_CONVERSION = YES;
				CLANG_WARN_OBJC_IMPLICIT_RETAIN_SELF = YES;
				CLANG_WARN_OBJC_LITERAL_CONVERSION = YES;
				CLANG_WARN_OBJC_ROOT_CLASS = YES_ERROR;
				CLANG_WARN_QUOTED_INCLUDE_IN_FRAMEWORK_HEADER = YES;
				CLANG_WARN_RANGE_LOOP_ANALYSIS = YES;
				CLANG_WARN_STRICT_PROTOTYPES = YES;
				CLANG_WARN_SUSPICIOUS_MOVE = YES;
				CLANG_WARN_UNGUARDED_AVAILABILITY = YES_AGGRESSIVE;
				CLANG_WARN_UNREACHABLE_CODE = YES;
				CLANG_WARN__DUPLICATE_METHOD_MATCH = YES;
				COPY_PHASE_STRIP = NO;
				DEBUG_INFORMATION_FORMAT = dwarf;
				ENABLE_STRICT_OBJC_MSGSEND = YES;
				ENABLE_TESTABILITY = YES;
				ENABLE_USER_SCRIPT_SANDBOXING = NO;
				GCC_C_LANGUAGE_STANDARD = gnu11;
				GCC_DYNAMIC_NO_PIC = NO;
				GCC_NO_COMMON_BLOCKS = YES;
				GCC_OPTIMIZATION_LEVEL = 0;
				GCC_PREPROCESSOR_DEFINITIONS = (
					"DEBUG=1",
					"$(inherited)",
				);
				GCC_WARN_64_TO_32_BIT_CONVERSION = YES;
				GCC_WARN_ABOUT_RETURN_TYPE = YES_ERROR;
				GCC_WARN_UNDECLARED_SELECTOR = YES;
				GCC_WARN_UNINITIALIZED_AUTOS = YES_AGGRESSIVE;
				GCC_WARN_UNUSED_FUNCTION = YES;
				GCC_WARN_UNUSED_VARIABLE = YES;
				IPHONEOS_DEPLOYMENT_TARGET = 15.0;
				MTL_ENABLE_DEBUG_INFO = INCLUDE_SOURCE;
				MTL_FAST_MATH = YES;
				ONLY_ACTIVE_ARCH = YES;
				SDKROOT = iphoneos;
				SWIFT_ACTIVE_COMPILATION_CONDITIONS = DEBUG;
				SWIFT_OPTIMIZATION_LEVEL = "-Onone";
			};
			name = Debug;
		};
		5962A4D82935DFA200183658 /* Release */ = {
			isa = XCBuildConfiguration;
			buildSettings = {
				ALWAYS_SEARCH_USER_PATHS = NO;
				CLANG_ANALYZER_NONNULL = YES;
				CLANG_ANALYZER_NUMBER_OBJECT_CONVERSION = YES_AGGRESSIVE;
				CLANG_CXX_LANGUAGE_STANDARD = "gnu++20";
				CLANG_ENABLE_MODULES = YES;
				CLANG_ENABLE_OBJC_ARC = YES;
				CLANG_ENABLE_OBJC_WEAK = YES;
				CLANG_WARN_BLOCK_CAPTURE_AUTORELEASING = YES;
				CLANG_WARN_BOOL_CONVERSION = YES;
				CLANG_WARN_COMMA = YES;
				CLANG_WARN_CONSTANT_CONVERSION = YES;
				CLANG_WARN_DEPRECATED_OBJC_IMPLEMENTATIONS = YES;
				CLANG_WARN_DIRECT_OBJC_ISA_USAGE = YES_ERROR;
				CLANG_WARN_DOCUMENTATION_COMMENTS = YES;
				CLANG_WARN_EMPTY_BODY = YES;
				CLANG_WARN_ENUM_CONVERSION = YES;
				CLANG_WARN_INFINITE_RECURSION = YES;
				CLANG_WARN_INT_CONVERSION = YES;
				CLANG_WARN_NON_LITERAL_NULL_CONVERSION = YES;
				CLANG_WARN_OBJC_IMPLICIT_RETAIN_SELF = YES;
				CLANG_WARN_OBJC_LITERAL_CONVERSION = YES;
				CLANG_WARN_OBJC_ROOT_CLASS = YES_ERROR;
				CLANG_WARN_QUOTED_INCLUDE_IN_FRAMEWORK_HEADER = YES;
				CLANG_WARN_RANGE_LOOP_ANALYSIS = YES;
				CLANG_WARN_STRICT_PROTOTYPES = YES;
				CLANG_WARN_SUSPICIOUS_MOVE = YES;
				CLANG_WARN_UNGUARDED_AVAILABILITY = YES_AGGRESSIVE;
				CLANG_WARN_UNREACHABLE_CODE = YES;
				CLANG_WARN__DUPLICATE_METHOD_MATCH = YES;
				COPY_PHASE_STRIP = NO;
				DEBUG_INFORMATION_FORMAT = "dwarf-with-dsym";
				ENABLE_NS_ASSERTIONS = NO;
				ENABLE_STRICT_OBJC_MSGSEND = YES;
				ENABLE_USER_SCRIPT_SANDBOXING = NO;
				GCC_C_LANGUAGE_STANDARD = gnu11;
				GCC_NO_COMMON_BLOCKS = YES;
				GCC_WARN_64_TO_32_BIT_CONVERSION = YES;
				GCC_WARN_ABOUT_RETURN_TYPE = YES_ERROR;
				GCC_WARN_UNDECLARED_SELECTOR = YES;
				GCC_WARN_UNINITIALIZED_AUTOS = YES_AGGRESSIVE;
				GCC_WARN_UNUSED_FUNCTION = YES;
				GCC_WARN_UNUSED_VARIABLE = YES;
				IPHONEOS_DEPLOYMENT_TARGET = 15.0;
				MTL_ENABLE_DEBUG_INFO = NO;
				MTL_FAST_MATH = YES;
				SDKROOT = iphoneos;
				SWIFT_COMPILATION_MODE = wholemodule;
				SWIFT_OPTIMIZATION_LEVEL = "-O";
				VALIDATE_PRODUCT = YES;
			};
			name = Release;
		};
		5962A4DA2935DFA200183658 /* Debug */ = {
			isa = XCBuildConfiguration;
			buildSettings = {
				ASSETCATALOG_COMPILER_APPICON_NAME = AppIcon;
				ASSETCATALOG_COMPILER_GLOBAL_ACCENT_COLOR_NAME = AccentColor;
				CODE_SIGN_STYLE = Automatic;
				CURRENT_PROJECT_VERSION = 1;
				DEVELOPMENT_TEAM = 68M5L3KNEH;
				GENERATE_INFOPLIST_FILE = YES;
				INFOPLIST_FILE = GBV3AlertModalExample/Info.plist;
				INFOPLIST_KEY_UIApplicationSupportsIndirectInputEvents = YES;
				INFOPLIST_KEY_UILaunchStoryboardName = LaunchScreen;
				INFOPLIST_KEY_UISupportedInterfaceOrientations_iPad = "UIInterfaceOrientationPortrait UIInterfaceOrientationPortraitUpsideDown UIInterfaceOrientationLandscapeLeft UIInterfaceOrientationLandscapeRight";
				INFOPLIST_KEY_UISupportedInterfaceOrientations_iPhone = "UIInterfaceOrientationPortrait UIInterfaceOrientationLandscapeLeft UIInterfaceOrientationLandscapeRight";
				IPHONEOS_DEPLOYMENT_TARGET = 15.0;
				LD_RUNPATH_SEARCH_PATHS = (
					"$(inherited)",
					"@executable_path/Frameworks",
				);
				MARKETING_VERSION = 1.0;
				PRODUCT_BUNDLE_IDENTIFIER = com.geniebook.GBV3AlertModalExample;
				PRODUCT_NAME = "$(TARGET_NAME)";
				SUPPORTED_PLATFORMS = "iphoneos iphonesimulator";
				SUPPORTS_MACCATALYST = NO;
				SUPPORTS_MAC_DESIGNED_FOR_IPHONE_IPAD = YES;
				SWIFT_EMIT_LOC_STRINGS = YES;
				SWIFT_STRICT_CONCURRENCY = complete;
				SWIFT_VERSION = 6.0;
				TARGETED_DEVICE_FAMILY = "1,2";
			};
			name = Debug;
		};
		5962A4DB2935DFA200183658 /* Release */ = {
			isa = XCBuildConfiguration;
			buildSettings = {
				ASSETCATALOG_COMPILER_APPICON_NAME = AppIcon;
				ASSETCATALOG_COMPILER_GLOBAL_ACCENT_COLOR_NAME = AccentColor;
				CODE_SIGN_STYLE = Automatic;
				CURRENT_PROJECT_VERSION = 1;
				DEVELOPMENT_TEAM = 68M5L3KNEH;
				GENERATE_INFOPLIST_FILE = YES;
				INFOPLIST_FILE = GBV3AlertModalExample/Info.plist;
				INFOPLIST_KEY_UIApplicationSupportsIndirectInputEvents = YES;
				INFOPLIST_KEY_UILaunchStoryboardName = LaunchScreen;
				INFOPLIST_KEY_UISupportedInterfaceOrientations_iPad = "UIInterfaceOrientationPortrait UIInterfaceOrientationPortraitUpsideDown UIInterfaceOrientationLandscapeLeft UIInterfaceOrientationLandscapeRight";
				INFOPLIST_KEY_UISupportedInterfaceOrientations_iPhone = "UIInterfaceOrientationPortrait UIInterfaceOrientationLandscapeLeft UIInterfaceOrientationLandscapeRight";
				IPHONEOS_DEPLOYMENT_TARGET = 15.0;
				LD_RUNPATH_SEARCH_PATHS = (
					"$(inherited)",
					"@executable_path/Frameworks",
				);
				MARKETING_VERSION = 1.0;
				PRODUCT_BUNDLE_IDENTIFIER = com.geniebook.GBV3AlertModalExample;
				PRODUCT_NAME = "$(TARGET_NAME)";
				SUPPORTED_PLATFORMS = "iphoneos iphonesimulator";
				SUPPORTS_MACCATALYST = NO;
				SUPPORTS_MAC_DESIGNED_FOR_IPHONE_IPAD = YES;
				SWIFT_EMIT_LOC_STRINGS = YES;
				SWIFT_STRICT_CONCURRENCY = complete;
				SWIFT_VERSION = 6.0;
				TARGETED_DEVICE_FAMILY = "1,2";
			};
			name = Release;
		};
		5962A4DD2935DFA200183658 /* Debug */ = {
			isa = XCBuildConfiguration;
			buildSettings = {
				BUNDLE_LOADER = "$(TEST_HOST)";
				CODE_SIGN_STYLE = Automatic;
				CURRENT_PROJECT_VERSION = 1;
				DEVELOPMENT_TEAM = 68M5L3KNEH;
				GENERATE_INFOPLIST_FILE = YES;
				IPHONEOS_DEPLOYMENT_TARGET = 15.0;
				MARKETING_VERSION = 1.0;
				PRODUCT_BUNDLE_IDENTIFIER = com.geniebook.GBV3AlertModalExampleTests;
				PRODUCT_NAME = "$(TARGET_NAME)";
				SUPPORTED_PLATFORMS = "iphoneos iphonesimulator";
				SUPPORTS_MACCATALYST = NO;
				SUPPORTS_MAC_DESIGNED_FOR_IPHONE_IPAD = YES;
				SWIFT_EMIT_LOC_STRINGS = NO;
				SWIFT_VERSION = 6.0;
				TARGETED_DEVICE_FAMILY = "1,2";
				TEST_HOST = "$(BUILT_PRODUCTS_DIR)/GBV3AlertModalExample.app/$(BUNDLE_EXECUTABLE_FOLDER_PATH)/GBV3AlertModalExample";
			};
			name = Debug;
		};
		5962A4DE2935DFA200183658 /* Release */ = {
			isa = XCBuildConfiguration;
			buildSettings = {
				BUNDLE_LOADER = "$(TEST_HOST)";
				CODE_SIGN_STYLE = Automatic;
				CURRENT_PROJECT_VERSION = 1;
				DEVELOPMENT_TEAM = 68M5L3KNEH;
				GENERATE_INFOPLIST_FILE = YES;
				IPHONEOS_DEPLOYMENT_TARGET = 15.0;
				MARKETING_VERSION = 1.0;
				PRODUCT_BUNDLE_IDENTIFIER = com.geniebook.GBV3AlertModalExampleTests;
				PRODUCT_NAME = "$(TARGET_NAME)";
				SUPPORTED_PLATFORMS = "iphoneos iphonesimulator";
				SUPPORTS_MACCATALYST = NO;
				SUPPORTS_MAC_DESIGNED_FOR_IPHONE_IPAD = YES;
				SWIFT_EMIT_LOC_STRINGS = NO;
				SWIFT_VERSION = 6.0;
				TARGETED_DEVICE_FAMILY = "1,2";
				TEST_HOST = "$(BUILT_PRODUCTS_DIR)/GBV3AlertModalExample.app/$(BUNDLE_EXECUTABLE_FOLDER_PATH)/GBV3AlertModalExample";
			};
			name = Release;
		};
		5962A4E02935DFA200183658 /* Debug */ = {
			isa = XCBuildConfiguration;
			buildSettings = {
				CODE_SIGN_STYLE = Automatic;
				CURRENT_PROJECT_VERSION = 1;
				DEVELOPMENT_TEAM = 68M5L3KNEH;
				GENERATE_INFOPLIST_FILE = YES;
				IPHONEOS_DEPLOYMENT_TARGET = 15.0;
				MARKETING_VERSION = 1.0;
				PRODUCT_BUNDLE_IDENTIFIER = com.geniebook.GBV3AlertModalExampleUITests;
				PRODUCT_NAME = "$(TARGET_NAME)";
				SUPPORTED_PLATFORMS = "iphoneos iphonesimulator";
				SUPPORTS_MACCATALYST = NO;
				SUPPORTS_MAC_DESIGNED_FOR_IPHONE_IPAD = YES;
				SWIFT_EMIT_LOC_STRINGS = NO;
				SWIFT_VERSION = 6.0;
				TARGETED_DEVICE_FAMILY = "1,2";
				TEST_TARGET_NAME = GBV3AlertModalExample;
			};
			name = Debug;
		};
		5962A4E12935DFA200183658 /* Release */ = {
			isa = XCBuildConfiguration;
			buildSettings = {
				CODE_SIGN_STYLE = Automatic;
				CURRENT_PROJECT_VERSION = 1;
				DEVELOPMENT_TEAM = 68M5L3KNEH;
				GENERATE_INFOPLIST_FILE = YES;
				IPHONEOS_DEPLOYMENT_TARGET = 15.0;
				MARKETING_VERSION = 1.0;
				PRODUCT_BUNDLE_IDENTIFIER = com.geniebook.GBV3AlertModalExampleUITests;
				PRODUCT_NAME = "$(TARGET_NAME)";
				SUPPORTED_PLATFORMS = "iphoneos iphonesimulator";
				SUPPORTS_MACCATALYST = NO;
				SUPPORTS_MAC_DESIGNED_FOR_IPHONE_IPAD = YES;
				SWIFT_EMIT_LOC_STRINGS = NO;
				SWIFT_VERSION = 6.0;
				TARGETED_DEVICE_FAMILY = "1,2";
				TEST_TARGET_NAME = GBV3AlertModalExample;
			};
			name = Release;
		};
		E1000000000000000000000E /* Debug */ = {
			isa = XCBuildConfiguration;
			buildSettings = {
				ASSETCATALOG_COMPILER_APPICON_NAME = AppIcon;
				ASSETCATALOG_COMPILER_GLOBAL_ACCENT_COLOR_NAME = AccentColor;
				CODE_SIGN_STYLE = Automatic;
				CURRENT_PROJECT_VERSION = 1;
				DEVELOPMENT_TEAM = 68M5L3KNEH;
				GENERATE_INFOPLIST_FILE = YES;
				INFOPLIST_KEY_UIApplicationSupportsIndirectInputEvents = YES;
				INFOPLIST_KEY_UILaunchScreen_Generation = YES;
				IPHONEOS_DEPLOYMENT_TARGET = 15.0;
				LD_RUNPATH_SEARCH_PATHS = ("$(inherited)", "@executable_path/Frameworks");
				MARKETING_VERSION = 1.0;
				PRODUCT_BUNDLE_IDENTIFIER = com.geniebook.GBV3AlertModalSwiftUIExample;
				PRODUCT_NAME = "$(TARGET_NAME)";
				SUPPORTED_PLATFORMS = "iphoneos iphonesimulator";
				SUPPORTS_MACCATALYST = NO;
				SWIFT_EMIT_LOC_STRINGS = YES;
				SWIFT_STRICT_CONCURRENCY = complete;
				SWIFT_VERSION = 6.0;
				TARGETED_DEVICE_FAMILY = "1,2";
			};
			name = Debug;
		};
		E1000000000000000000000F /* Release */ = {
			isa = XCBuildConfiguration;
			buildSettings = {
				ASSETCATALOG_COMPILER_APPICON_NAME = AppIcon;
				ASSETCATALOG_COMPILER_GLOBAL_ACCENT_COLOR_NAME = AccentColor;
				CODE_SIGN_STYLE = Automatic;
				CURRENT_PROJECT_VERSION = 1;
				DEVELOPMENT_TEAM = 68M5L3KNEH;
				GENERATE_INFOPLIST_FILE = YES;
				INFOPLIST_KEY_UIApplicationSupportsIndirectInputEvents = YES;
				INFOPLIST_KEY_UILaunchScreen_Generation = YES;
				IPHONEOS_DEPLOYMENT_TARGET = 15.0;
				LD_RUNPATH_SEARCH_PATHS = ("$(inherited)", "@executable_path/Frameworks");
				MARKETING_VERSION = 1.0;
				PRODUCT_BUNDLE_IDENTIFIER = com.geniebook.GBV3AlertModalSwiftUIExample;
				PRODUCT_NAME = "$(TARGET_NAME)";
				SUPPORTED_PLATFORMS = "iphoneos iphonesimulator";
				SUPPORTS_MACCATALYST = NO;
				SWIFT_EMIT_LOC_STRINGS = YES;
				SWIFT_STRICT_CONCURRENCY = complete;
				SWIFT_VERSION = 6.0;
				TARGETED_DEVICE_FAMILY = "1,2";
			};
			name = Release;
		};
/* End XCBuildConfiguration section */

/* Begin XCConfigurationList section */
		5962A4AA2935DFA100183658 /* Build configuration list for PBXProject "GBV3AlertModalExample" */ = {
			isa = XCConfigurationList;
			buildConfigurations = (
				5962A4D72935DFA200183658 /* Debug */,
				5962A4D82935DFA200183658 /* Release */,
			);
			defaultConfigurationIsVisible = 0;
			defaultConfigurationName = Release;
		};
		5962A4D92935DFA200183658 /* Build configuration list for PBXNativeTarget "GBV3AlertModalExample" */ = {
			isa = XCConfigurationList;
			buildConfigurations = (
				5962A4DA2935DFA200183658 /* Debug */,
				5962A4DB2935DFA200183658 /* Release */,
			);
			defaultConfigurationIsVisible = 0;
			defaultConfigurationName = Release;
		};
		5962A4DC2935DFA200183658 /* Build configuration list for PBXNativeTarget "GBV3AlertModalExampleTests" */ = {
			isa = XCConfigurationList;
			buildConfigurations = (
				5962A4DD2935DFA200183658 /* Debug */,
				5962A4DE2935DFA200183658 /* Release */,
			);
			defaultConfigurationIsVisible = 0;
			defaultConfigurationName = Release;
		};
		5962A4DF2935DFA200183658 /* Build configuration list for PBXNativeTarget "GBV3AlertModalExampleUITests" */ = {
			isa = XCConfigurationList;
			buildConfigurations = (
				5962A4E02935DFA200183658 /* Debug */,
				5962A4E12935DFA200183658 /* Release */,
			);
			defaultConfigurationIsVisible = 0;
			defaultConfigurationName = Release;
		};
		E1000000000000000000000B /* Build configuration list for PBXNativeTarget "GBV3AlertModalSwiftUIExample" */ = {
			isa = XCConfigurationList;
			buildConfigurations = (
				E1000000000000000000000E /* Debug */,
				E1000000000000000000000F /* Release */,
			);
			defaultConfigurationIsVisible = 0;
			defaultConfigurationName = Release;
		};
/* End XCConfigurationList section */

/* Begin XCLocalSwiftPackageReference section */
		C26FFF611997680E529907C4 /* XCLocalSwiftPackageReference ".." */ = {
			isa = XCLocalSwiftPackageReference;
			relativePath = ../..;
		};
/* End XCLocalSwiftPackageReference section */

/* Begin XCRemoteSwiftPackageReference section */
		AA01FF0000000000000000A1 /* XCRemoteSwiftPackageReference "ViewInspector" */ = {
			isa = XCRemoteSwiftPackageReference;
			repositoryURL = "https://github.com/nalexn/ViewInspector";
			requirement = {
				kind = upToNextMajorVersion;
				minimumVersion = 0.9.0;
			};
		};
/* End XCRemoteSwiftPackageReference section */

/* Begin XCSwiftPackageProductDependency section */
		5907CCA92F258613006DF5A5 /* GBV3AlertModal */ = {
			isa = XCSwiftPackageProductDependency;
			package = C26FFF611997680E529907C4 /* XCLocalSwiftPackageReference ".." */;
			productName = GBV3AlertModal;
		};
		E10000000000000000000002 /* GBV3AlertModalCore */ = {
			isa = XCSwiftPackageProductDependency;
			package = C26FFF611997680E529907C4 /* XCLocalSwiftPackageReference ".." */;
			productName = GBV3AlertModalCore;
		};
		E10000000000000000000004 /* GBV3AlertModalSwiftUI */ = {
			isa = XCSwiftPackageProductDependency;
			package = C26FFF611997680E529907C4 /* XCLocalSwiftPackageReference ".." */;
			productName = GBV3AlertModalSwiftUI;
		};
		AA01FF0000000000000000A2 /* ViewInspector */ = {
			isa = XCSwiftPackageProductDependency;
			package = AA01FF0000000000000000A1 /* XCRemoteSwiftPackageReference "ViewInspector" */;
			productName = ViewInspector;
		};
/* End XCSwiftPackageProductDependency section */
	};
	rootObject = 5962A4A72935DFA100183658 /* Project object */;
}
