// !$*UTF8*$!
{
	archiveVersion = 1;
	classes = {
	};
	objectVersion = 56;
	objects = {

/* Begin PBXBuildFile section */
		593ED24C2935CFA9007BC45A /* GBV3AlertModal.docc in Sources */ = {isa = PBXBuildFile; fileRef = 593ED24B2935CFA9007BC45A /* GBV3AlertModal.docc */; };
		593ED2522935CFA9007BC45A /* GBV3AlertModal.framework in Frameworks */ = {isa = PBXBuildFile; fileRef = 593ED2472935CFA9007BC45A /* GBV3AlertModal.framework */; };
		593ED2572935CFA9007BC45A /* GBV3AlertModalTests.swift in Sources */ = {isa = PBXBuildFile; fileRef = 593ED2562935CFA9007BC45A /* GBV3AlertModalTests.swift */; };
		593ED2582935CFA9007BC45A /* GBV3AlertModal.h in Headers */ = {isa = PBXBuildFile; fileRef = 593ED24A2935CFA9007BC45A /* GBV3AlertModal.h */; settings = {ATTRIBUTES = (Public, ); }; };
		59D1458D2936F74000339673 /* Localizable.strings in Resources */ = {isa = PBXBuildFile; fileRef = 59D1458F2936F74000339673 /* Localizable.strings */; };
		65B8C3B48879A21129A88E55 /* UIStackView+Removal.swift in Sources */ = {isa = PBXBuildFile; fileRef = 65B8C2CB5DA782EB208997A2 /* UIStackView+Removal.swift */; };
		65B8C62FAC98668EC6F8659F /* ActionStyle.swift in Sources */ = {isa = PBXBuildFile; fileRef = 65B8CFF32AE8CAC7053CCE34 /* ActionStyle.swift */; };
		65B8C6E9701D13A1052A81FF /* AlertModal.swift in Sources */ = {isa = PBXBuildFile; fileRef = 65B8CE1814B3C775B6BC76B0 /* AlertModal.swift */; };
		65B8C88BBC61402078426DF8 /* Properties.swift in Sources */ = {isa = PBXBuildFile; fileRef = 65B8C54EBD9DD2B44CB85B52 /* Properties.swift */; };
		65B8C99661546852E86BDB28 /* ActionType.swift in Sources */ = {isa = PBXBuildFile; fileRef = 65B8C85D24DE24935E28A095 /* ActionType.swift */; };
		65B8CB4C5DBA6103913DF02C /* GBV3AlertModal.swift in Sources */ = {isa = PBXBuildFile; fileRef = 65B8CCF436BFA68301C842E8 /* GBV3AlertModal.swift */; };
		65B8CBC9E777B3A4CB14C5C3 /* DataHolder.swift in Sources */ = {isa = PBXBuildFile; fileRef = 65B8CD858113D42DDF0E2EB4 /* DataHolder.swift */; };
		7E08E373E182F46E53D1628C /* Pods_GBV3AlertModalTests.framework in Frameworks */ = {isa = PBXBuildFile; fileRef = AE8E82687F68207AB6A57066 /* Pods_GBV3AlertModalTests.framework */; };
		DAE3C726BE474CB1552C4672 /* Pods_GBV3AlertModal.framework in Frameworks */ = {isa = PBXBuildFile; fileRef = 3F132D23E0D92A9E7C37C9BE /* Pods_GBV3AlertModal.framework */; };
/* End PBXBuildFile section */

/* Begin PBXContainerItemProxy section */
		593ED2532935CFA9007BC45A /* PBXContainerItemProxy */ = {
			isa = PBXContainerItemProxy;
			containerPortal = 593ED23E2935CFA9007BC45A /* Project object */;
			proxyType = 1;
			remoteGlobalIDString = 593ED2462935CFA9007BC45A;
			remoteInfo = GBV3AlertModal;
		};
/* End PBXContainerItemProxy section */

/* Begin PBXFileReference section */
		07E60423242738625B08B5F7 /* Pods-GBV3AlertModalTests.release.xcconfig */ = {isa = PBXFileReference; includeInIndex = 1; lastKnownFileType = text.xcconfig; name = "Pods-GBV3AlertModalTests.release.xcconfig"; path = "Target Support Files/Pods-GBV3AlertModalTests/Pods-GBV3AlertModalTests.release.xcconfig"; sourceTree = "<group>"; };
		09412B351DA2C7831D41485B /* Pods-GBV3AlertModal.release.xcconfig */ = {isa = PBXFileReference; includeInIndex = 1; lastKnownFileType = text.xcconfig; name = "Pods-GBV3AlertModal.release.xcconfig"; path = "Target Support Files/Pods-GBV3AlertModal/Pods-GBV3AlertModal.release.xcconfig"; sourceTree = "<group>"; };
		12C2E91F1D62E48C76012D03 /* Pods-GBV3AlertModal-GBV3AlertModalTests.debug.xcconfig */ = {isa = PBXFileReference; includeInIndex = 1; lastKnownFileType = text.xcconfig; name = "Pods-GBV3AlertModal-GBV3AlertModalTests.debug.xcconfig"; path = "Target Support Files/Pods-GBV3AlertModal-GBV3AlertModalTests/Pods-GBV3AlertModal-GBV3AlertModalTests.debug.xcconfig"; sourceTree = "<group>"; };
		147FA6809C4954FF37377822 /* Pods-GBV3AlertModal.debug.xcconfig */ = {isa = PBXFileReference; includeInIndex = 1; lastKnownFileType = text.xcconfig; name = "Pods-GBV3AlertModal.debug.xcconfig"; path = "Target Support Files/Pods-GBV3AlertModal/Pods-GBV3AlertModal.debug.xcconfig"; sourceTree = "<group>"; };
		3412C19EE79C2A33D01FB623 /* Pods-GBV3AlertModalTests.debug.xcconfig */ = {isa = PBXFileReference; includeInIndex = 1; lastKnownFileType = text.xcconfig; name = "Pods-GBV3AlertModalTests.debug.xcconfig"; path = "Target Support Files/Pods-GBV3AlertModalTests/Pods-GBV3AlertModalTests.debug.xcconfig"; sourceTree = "<group>"; };
		3F132D23E0D92A9E7C37C9BE /* Pods_GBV3AlertModal.framework */ = {isa = PBXFileReference; explicitFileType = wrapper.framework; includeInIndex = 0; path = Pods_GBV3AlertModal.framework; sourceTree = BUILT_PRODUCTS_DIR; };
		5545F781B442D5BFF3370D20 /* Pods-GBV3AlertModal-GBV3AlertModalTests.release.xcconfig */ = {isa = PBXFileReference; includeInIndex = 1; lastKnownFileType = text.xcconfig; name = "Pods-GBV3AlertModal-GBV3AlertModalTests.release.xcconfig"; path = "Target Support Files/Pods-GBV3AlertModal-GBV3AlertModalTests/Pods-GBV3AlertModal-GBV3AlertModalTests.release.xcconfig"; sourceTree = "<group>"; };
		593ED2472935CFA9007BC45A /* GBV3AlertModal.framework */ = {isa = PBXFileReference; explicitFileType = wrapper.framework; includeInIndex = 0; path = GBV3AlertModal.framework; sourceTree = BUILT_PRODUCTS_DIR; };
		593ED24A2935CFA9007BC45A /* GBV3AlertModal.h */ = {isa = PBXFileReference; lastKnownFileType = sourcecode.c.h; path = GBV3AlertModal.h; sourceTree = "<group>"; };
		593ED24B2935CFA9007BC45A /* GBV3AlertModal.docc */ = {isa = PBXFileReference; lastKnownFileType = folder.documentationcatalog; path = GBV3AlertModal.docc; sourceTree = "<group>"; };
		593ED2512935CFA9007BC45A /* GBV3AlertModalTests.xctest */ = {isa = PBXFileReference; explicitFileType = wrapper.cfbundle; includeInIndex = 0; path = GBV3AlertModalTests.xctest; sourceTree = BUILT_PRODUCTS_DIR; };
		593ED2562935CFA9007BC45A /* GBV3AlertModalTests.swift */ = {isa = PBXFileReference; lastKnownFileType = sourcecode.swift; path = GBV3AlertModalTests.swift; sourceTree = "<group>"; };
		59403FD12947695000426541 /* Script */ = {isa = PBXFileReference; lastKnownFileType = folder; path = Script; sourceTree = "<group>"; };
		59D1458E2936F74000339673 /* en */ = {isa = PBXFileReference; lastKnownFileType = text.plist.strings; name = en; path = en.lproj/Localizable.strings; sourceTree = "<group>"; };
		59D145902936F77900339673 /* id */ = {isa = PBXFileReference; lastKnownFileType = text.plist.strings; name = id; path = id.lproj/Localizable.strings; sourceTree = "<group>"; };
		59D145912936F79A00339673 /* vi */ = {isa = PBXFileReference; lastKnownFileType = text.plist.strings; name = vi; path = vi.lproj/Localizable.strings; sourceTree = "<group>"; };
		59D145922936F81B00339673 /* zh-Hans */ = {isa = PBXFileReference; lastKnownFileType = text.plist.strings; name = "zh-Hans"; path = "zh-Hans.lproj/Localizable.strings"; sourceTree = "<group>"; };
		65B8C2CB5DA782EB208997A2 /* UIStackView+Removal.swift */ = {isa = PBXFileReference; fileEncoding = 4; lastKnownFileType = sourcecode.swift; path = "UIStackView+Removal.swift"; sourceTree = "<group>"; };
		65B8C54EBD9DD2B44CB85B52 /* Properties.swift */ = {isa = PBXFileReference; fileEncoding = 4; lastKnownFileType = sourcecode.swift; path = Properties.swift; sourceTree = "<group>"; };
		65B8C85D24DE24935E28A095 /* ActionType.swift */ = {isa = PBXFileReference; fileEncoding = 4; lastKnownFileType = sourcecode.swift; path = ActionType.swift; sourceTree = "<group>"; };
		65B8CCF436BFA68301C842E8 /* GBV3AlertModal.swift */ = {isa = PBXFileReference; fileEncoding = 4; lastKnownFileType = sourcecode.swift; path = GBV3AlertModal.swift; sourceTree = "<group>"; };
		65B8CD858113D42DDF0E2EB4 /* DataHolder.swift */ = {isa = PBXFileReference; fileEncoding = 4; lastKnownFileType = sourcecode.swift; name = DataHolder.swift; path = GBV3AlertModal/DataHolder.swift; sourceTree = "<group>"; };
		65B8CE1814B3C775B6BC76B0 /* AlertModal.swift */ = {isa = PBXFileReference; fileEncoding = 4; lastKnownFileType = sourcecode.swift; path = AlertModal.swift; sourceTree = "<group>"; };
		65B8CFF32AE8CAC7053CCE34 /* ActionStyle.swift */ = {isa = PBXFileReference; fileEncoding = 4; lastKnownFileType = sourcecode.swift; name = ActionStyle.swift; path = GBV3AlertModal/ActionStyle.swift; sourceTree = "<group>"; };
		AE8E82687F68207AB6A57066 /* Pods_GBV3AlertModalTests.framework */ = {isa = PBXFileReference; explicitFileType = wrapper.framework; includeInIndex = 0; path = Pods_GBV3AlertModalTests.framework; sourceTree = BUILT_PRODUCTS_DIR; };
/* End PBXFileReference section */

/* Begin PBXFrameworksBuildPhase section */
		593ED2442935CFA9007BC45A /* Frameworks */ = {
			isa = PBXFrameworksBuildPhase;
			buildActionMask = 2147483647;
			files = (
				DAE3C726BE474CB1552C4672 /* Pods_GBV3AlertModal.framework in Frameworks */,
			);
			runOnlyForDeploymentPostprocessing = 0;
		};
		593ED24E2935CFA9007BC45A /* Frameworks */ = {
			isa = PBXFrameworksBuildPhase;
			buildActionMask = 2147483647;
			files = (
				593ED2522935CFA9007BC45A /* GBV3AlertModal.framework in Frameworks */,
				7E08E373E182F46E53D1628C /* Pods_GBV3AlertModalTests.framework in Frameworks */,
			);
			runOnlyForDeploymentPostprocessing = 0;
		};
/* End PBXFrameworksBuildPhase section */

/* Begin PBXGroup section */
		593ED23D2935CFA9007BC45A = {
			isa = PBXGroup;
			children = (
				59403FD12947695000426541 /* Script */,
				593ED2492935CFA9007BC45A /* GBV3AlertModal */,
				593ED2552935CFA9007BC45A /* GBV3AlertModalTests */,
				593ED2482935CFA9007BC45A /* Products */,
				653F7E887296796C8D9C1E5A /* Pods */,
				878E0B7A7ACFFF4724765B96 /* Frameworks */,
				65B8CD858113D42DDF0E2EB4 /* DataHolder.swift */,
				65B8CFF32AE8CAC7053CCE34 /* ActionStyle.swift */,
			);
			sourceTree = "<group>";
		};
		593ED2482935CFA9007BC45A /* Products */ = {
			isa = PBXGroup;
			children = (
				593ED2472935CFA9007BC45A /* GBV3AlertModal.framework */,
				593ED2512935CFA9007BC45A /* GBV3AlertModalTests.xctest */,
			);
			name = Products;
			sourceTree = "<group>";
		};
		593ED2492935CFA9007BC45A /* GBV3AlertModal */ = {
			isa = PBXGroup;
			children = (
				593ED24A2935CFA9007BC45A /* GBV3AlertModal.h */,
				593ED24B2935CFA9007BC45A /* GBV3AlertModal.docc */,
				65B8CCF436BFA68301C842E8 /* GBV3AlertModal.swift */,
				59D145852936F0B700339673 /* i18n */,
				65B8CE1814B3C775B6BC76B0 /* AlertModal.swift */,
				65B8C85D24DE24935E28A095 /* ActionType.swift */,
				65B8C54EBD9DD2B44CB85B52 /* Properties.swift */,
				65B8C2CB5DA782EB208997A2 /* UIStackView+Removal.swift */,
			);
			path = GBV3AlertModal;
			sourceTree = "<group>";
		};
		593ED2552935CFA9007BC45A /* GBV3AlertModalTests */ = {
			isa = PBXGroup;
			children = (
				593ED2562935CFA9007BC45A /* GBV3AlertModalTests.swift */,
			);
			path = GBV3AlertModalTests;
			sourceTree = "<group>";
		};
		59D145852936F0B700339673 /* i18n */ = {
			isa = PBXGroup;
			children = (
				59D1458F2936F74000339673 /* Localizable.strings */,
			);
			path = i18n;
			sourceTree = "<group>";
		};
		653F7E887296796C8D9C1E5A /* Pods */ = {
			isa = PBXGroup;
			children = (
				147FA6809C4954FF37377822 /* Pods-GBV3AlertModal.debug.xcconfig */,
				09412B351DA2C7831D41485B /* Pods-GBV3AlertModal.release.xcconfig */,
				12C2E91F1D62E48C76012D03 /* Pods-GBV3AlertModal-GBV3AlertModalTests.debug.xcconfig */,
				5545F781B442D5BFF3370D20 /* Pods-GBV3AlertModal-GBV3AlertModalTests.release.xcconfig */,
				3412C19EE79C2A33D01FB623 /* Pods-GBV3AlertModalTests.debug.xcconfig */,
				07E60423242738625B08B5F7 /* Pods-GBV3AlertModalTests.release.xcconfig */,
			);
			name = Pods;
			path = ../../Pods;
			sourceTree = "<group>";
		};
		878E0B7A7ACFFF4724765B96 /* Frameworks */ = {
			isa = PBXGroup;
			children = (
				3F132D23E0D92A9E7C37C9BE /* Pods_GBV3AlertModal.framework */,
				AE8E82687F68207AB6A57066 /* Pods_GBV3AlertModalTests.framework */,
			);
			name = Frameworks;
			sourceTree = "<group>";
		};
/* End PBXGroup section */

/* Begin PBXHeadersBuildPhase section */
		593ED2422935CFA9007BC45A /* Headers */ = {
			isa = PBXHeadersBuildPhase;
			buildActionMask = 2147483647;
			files = (
				593ED2582935CFA9007BC45A /* GBV3AlertModal.h in Headers */,
			);
			runOnlyForDeploymentPostprocessing = 0;
		};
/* End PBXHeadersBuildPhase section */

/* Begin PBXNativeTarget section */
		593ED2462935CFA9007BC45A /* GBV3AlertModal */ = {
			isa = PBXNativeTarget;
			buildConfigurationList = 593ED25B2935CFA9007BC45A /* Build configuration list for PBXNativeTarget "GBV3AlertModal" */;
			buildPhases = (
				7146F1F2F0666BC3DCD81A7A /* [CP] Check Pods Manifest.lock */,
				593ED2422935CFA9007BC45A /* Headers */,
				593ED2432935CFA9007BC45A /* Sources */,
				5901DC5929370CAE00FF0A94 /* Linting */,
				593ED2442935CFA9007BC45A /* Frameworks */,
				593ED2452935CFA9007BC45A /* Resources */,
			);
			buildRules = (
			);
			dependencies = (
			);
			name = GBV3AlertModal;
			productName = GBV3AlertModal;
			productReference = 593ED2472935CFA9007BC45A /* GBV3AlertModal.framework */;
			productType = "com.apple.product-type.framework";
		};
		593ED2502935CFA9007BC45A /* GBV3AlertModalTests */ = {
			isa = PBXNativeTarget;
			buildConfigurationList = 593ED25E2935CFA9007BC45A /* Build configuration list for PBXNativeTarget "GBV3AlertModalTests" */;
			buildPhases = (
				A29B66BBF0E1292ECDBAEE1F /* [CP] Check Pods Manifest.lock */,
				593ED24D2935CFA9007BC45A /* Sources */,
				5901DC5A29370CD200FF0A94 /* Linting */,
				593ED24E2935CFA9007BC45A /* Frameworks */,
				593ED24F2935CFA9007BC45A /* Resources */,
				FA3A47A536C73BEB5E813C70 /* [CP] Embed Pods Frameworks */,
			);
			buildRules = (
			);
			dependencies = (
				593ED2542935CFA9007BC45A /* PBXTargetDependency */,
			);
			name = GBV3AlertModalTests;
			productName = GBV3AlertModalTests;
			productReference = 593ED2512935CFA9007BC45A /* GBV3AlertModalTests.xctest */;
			productType = "com.apple.product-type.bundle.unit-test";
		};
/* End PBXNativeTarget section */

/* Begin PBXProject section */
		593ED23E2935CFA9007BC45A /* Project object */ = {
			isa = PBXProject;
			attributes = {
				BuildIndependentTargetsInParallel = 1;
				LastSwiftUpdateCheck = 1410;
				LastUpgradeCheck = 1410;
				TargetAttributes = {
					593ED2462935CFA9007BC45A = {
						CreatedOnToolsVersion = 14.1;
					};
					593ED2502935CFA9007BC45A = {
						CreatedOnToolsVersion = 14.1;
					};
				};
			};
			buildConfigurationList = 593ED2412935CFA9007BC45A /* Build configuration list for PBXProject "GBV3AlertModal" */;
			compatibilityVersion = "Xcode 14.0";
			developmentRegion = en;
			hasScannedForEncodings = 0;
			knownRegions = (
				en,
				Base,
				id,
				vi,
				"zh-Hans",
			);
			mainGroup = 593ED23D2935CFA9007BC45A;
			productRefGroup = 593ED2482935CFA9007BC45A /* Products */;
			projectDirPath = "";
			projectRoot = "";
			targets = (
				593ED2462935CFA9007BC45A /* GBV3AlertModal */,
				593ED2502935CFA9007BC45A /* GBV3AlertModalTests */,
			);
		};
/* End PBXProject section */

/* Begin PBXResourcesBuildPhase section */
		593ED2452935CFA9007BC45A /* Resources */ = {
			isa = PBXResourcesBuildPhase;
			buildActionMask = 2147483647;
			files = (
				59D1458D2936F74000339673 /* Localizable.strings in Resources */,
			);
			runOnlyForDeploymentPostprocessing = 0;
		};
		593ED24F2935CFA9007BC45A /* Resources */ = {
			isa = PBXResourcesBuildPhase;
			buildActionMask = 2147483647;
			files = (
			);
			runOnlyForDeploymentPostprocessing = 0;
		};
/* End PBXResourcesBuildPhase section */

/* Begin PBXShellScriptBuildPhase section */
		5901DC5929370CAE00FF0A94 /* Linting */ = {
			isa = PBXShellScriptBuildPhase;
			alwaysOutOfDate = 1;
			buildActionMask = 2147483647;
			files = (
			);
			inputFileListPaths = (
			);
			inputPaths = (
			);
			name = Linting;
			outputFileListPaths = (
			);
			outputPaths = (
			);
			runOnlyForDeploymentPostprocessing = 0;
			shellPath = /bin/sh;
			shellScript = "\"${PODS_ROOT}/SwiftLint/swiftlint\" lint --config \"${PODS_PODFILE_DIR_PATH}/.swiftlint.yml\" --strict\n";
		};
		5901DC5A29370CD200FF0A94 /* Linting */ = {
			isa = PBXShellScriptBuildPhase;
			alwaysOutOfDate = 1;
			buildActionMask = 2147483647;
			files = (
			);
			inputFileListPaths = (
			);
			inputPaths = (
			);
			name = Linting;
			outputFileListPaths = (
			);
			outputPaths = (
			);
			runOnlyForDeploymentPostprocessing = 0;
			shellPath = /bin/sh;
			shellScript = "\"${PODS_ROOT}/SwiftLint/swiftlint\" lint --config \"${PODS_PODFILE_DIR_PATH}/.swiftlint_test.yml\" --strict\n";
		};
		7146F1F2F0666BC3DCD81A7A /* [CP] Check Pods Manifest.lock */ = {
			isa = PBXShellScriptBuildPhase;
			buildActionMask = 2147483647;
			files = (
			);
			inputFileListPaths = (
			);
			inputPaths = (
				"${PODS_PODFILE_DIR_PATH}/Podfile.lock",
				"${PODS_ROOT}/Manifest.lock",
			);
			name = "[CP] Check Pods Manifest.lock";
			outputFileListPaths = (
			);
			outputPaths = (
				"$(DERIVED_FILE_DIR)/Pods-GBV3AlertModal-checkManifestLockResult.txt",
			);
			runOnlyForDeploymentPostprocessing = 0;
			shellPath = /bin/sh;
			shellScript = "diff \"${PODS_PODFILE_DIR_PATH}/Podfile.lock\" \"${PODS_ROOT}/Manifest.lock\" > /dev/null\nif [ $? != 0 ] ; then\n    # print error to STDERR\n    echo \"error: The sandbox is not in sync with the Podfile.lock. Run 'pod install' or update your CocoaPods installation.\" >&2\n    exit 1\nfi\n# This output is used by Xcode 'outputs' to avoid re-running this script phase.\necho \"SUCCESS\" > \"${SCRIPT_OUTPUT_FILE_0}\"\n";
			showEnvVarsInLog = 0;
		};
		A29B66BBF0E1292ECDBAEE1F /* [CP] Check Pods Manifest.lock */ = {
			isa = PBXShellScriptBuildPhase;
			buildActionMask = 2147483647;
			files = (
			);
			inputFileListPaths = (
			);
			inputPaths = (
				"${PODS_PODFILE_DIR_PATH}/Podfile.lock",
				"${PODS_ROOT}/Manifest.lock",
			);
			name = "[CP] Check Pods Manifest.lock";
			outputFileListPaths = (
			);
			outputPaths = (
				"$(DERIVED_FILE_DIR)/Pods-GBV3AlertModalTests-checkManifestLockResult.txt",
			);
			runOnlyForDeploymentPostprocessing = 0;
			shellPath = /bin/sh;
			shellScript = "diff \"${PODS_PODFILE_DIR_PATH}/Podfile.lock\" \"${PODS_ROOT}/Manifest.lock\" > /dev/null\nif [ $? != 0 ] ; then\n    # print error to STDERR\n    echo \"error: The sandbox is not in sync with the Podfile.lock. Run 'pod install' or update your CocoaPods installation.\" >&2\n    exit 1\nfi\n# This output is used by Xcode 'outputs' to avoid re-running this script phase.\necho \"SUCCESS\" > \"${SCRIPT_OUTPUT_FILE_0}\"\n";
			showEnvVarsInLog = 0;
		};
		FA3A47A536C73BEB5E813C70 /* [CP] Embed Pods Frameworks */ = {
			isa = PBXShellScriptBuildPhase;
			buildActionMask = 2147483647;
			files = (
			);
			inputFileListPaths = (
				"${PODS_ROOT}/Target Support Files/Pods-GBV3AlertModalTests/Pods-GBV3AlertModalTests-frameworks-${CONFIGURATION}-input-files.xcfilelist",
			);
			name = "[CP] Embed Pods Frameworks";
			outputFileListPaths = (
				"${PODS_ROOT}/Target Support Files/Pods-GBV3AlertModalTests/Pods-GBV3AlertModalTests-frameworks-${CONFIGURATION}-output-files.xcfilelist",
			);
			runOnlyForDeploymentPostprocessing = 0;
			shellPath = /bin/sh;
			shellScript = "\"${PODS_ROOT}/Target Support Files/Pods-GBV3AlertModalTests/Pods-GBV3AlertModalTests-frameworks.sh\"\n";
			showEnvVarsInLog = 0;
		};
/* End PBXShellScriptBuildPhase section */

/* Begin PBXSourcesBuildPhase section */
		593ED2432935CFA9007BC45A /* Sources */ = {
			isa = PBXSourcesBuildPhase;
			buildActionMask = 2147483647;
			files = (
				593ED24C2935CFA9007BC45A /* GBV3AlertModal.docc in Sources */,
				65B8CB4C5DBA6103913DF02C /* GBV3AlertModal.swift in Sources */,
				65B8C6E9701D13A1052A81FF /* AlertModal.swift in Sources */,
				65B8C99661546852E86BDB28 /* ActionType.swift in Sources */,
				65B8C88BBC61402078426DF8 /* Properties.swift in Sources */,
				65B8C3B48879A21129A88E55 /* UIStackView+Removal.swift in Sources */,
				65B8CBC9E777B3A4CB14C5C3 /* DataHolder.swift in Sources */,
				65B8C62FAC98668EC6F8659F /* ActionStyle.swift in Sources */,
			);
			runOnlyForDeploymentPostprocessing = 0;
		};
		593ED24D2935CFA9007BC45A /* Sources */ = {
			isa = PBXSourcesBuildPhase;
			buildActionMask = 2147483647;
			files = (
				593ED2572935CFA9007BC45A /* GBV3AlertModalTests.swift in Sources */,
			);
			runOnlyForDeploymentPostprocessing = 0;
		};
/* End PBXSourcesBuildPhase section */

/* Begin PBXTargetDependency section */
		593ED2542935CFA9007BC45A /* PBXTargetDependency */ = {
			isa = PBXTargetDependency;
			target = 593ED2462935CFA9007BC45A /* GBV3AlertModal */;
			targetProxy = 593ED2532935CFA9007BC45A /* PBXContainerItemProxy */;
		};
/* End PBXTargetDependency section */

/* Begin PBXVariantGroup section */
		59D1458F2936F74000339673 /* Localizable.strings */ = {
			isa = PBXVariantGroup;
			children = (
				59D1458E2936F74000339673 /* en */,
				59D145902936F77900339673 /* id */,
				59D145912936F79A00339673 /* vi */,
				59D145922936F81B00339673 /* zh-Hans */,
			);
			name = Localizable.strings;
			sourceTree = "<group>";
		};
/* End PBXVariantGroup section */

/* Begin XCBuildConfiguration section */
		593ED2592935CFA9007BC45A /* Debug */ = {
			isa = XCBuildConfiguration;
			buildSettings = {
				ALWAYS_SEARCH_USER_PATHS = NO;
				CLANG_ANALYZER_LOCALIZABILITY_NONLOCALIZED = YES;
				CLANG_ANALYZER_NONNULL = YES;
				CLANG_ANALYZER_NUMBER_OBJECT_CONVERSION = YES_AGGRESSIVE;
				CLANG_CXX_LANGUAGE_STANDARD = "gnu++20";
				CLANG_ENABLE_MODULES = YES;
				CLANG_ENABLE_OBJC_ARC = YES;
				CLANG_ENABLE_OBJC_WEAK = YES;
				CLANG_WARN_BLOCK_CAPTURE_AUTORELEASING = YES;
				CLANG_WARN_BOOL_CONVERSION = YES;
				CLANG_WARN_COMMA = YES;
				CLANG_WARN_CONSTANT_CONVERSION = YES;
				CLANG_WARN_DEPRECATED_OBJC_IMPLEMENTATIONS = YES;
				CLANG_WARN_DIRECT_OBJC_ISA_USAGE = YES_ERROR;
				CLANG_WARN_DOCUMENTATION_COMMENTS = YES;
				CLANG_WARN_EMPTY_BODY = YES;
				CLANG_WARN_ENUM_CONVERSION = YES;
				CLANG_WARN_INFINITE_RECURSION = YES;
				CLANG_WARN_INT_CONVERSION = YES;
				CLANG_WARN_NON_LITERAL_NULL_CONVERSION = YES;
				CLANG_WARN_OBJC_IMPLICIT_RETAIN_SELF = YES;
				CLANG_WARN_OBJC_LITERAL_CONVERSION = YES;
				CLANG_WARN_OBJC_ROOT_CLASS = YES_ERROR;
				CLANG_WARN_QUOTED_INCLUDE_IN_FRAMEWORK_HEADER = YES;
				CLANG_WARN_RANGE_LOOP_ANALYSIS = YES;
				CLANG_WARN_STRICT_PROTOTYPES = YES;
				CLANG_WARN_SUSPICIOUS_MOVE = YES;
				CLANG_WARN_UNGUARDED_AVAILABILITY = YES_AGGRESSIVE;
				CLANG_WARN_UNREACHABLE_CODE = YES;
				CLANG_WARN__DUPLICATE_METHOD_MATCH = YES;
				COPY_PHASE_STRIP = NO;
				CURRENT_PROJECT_VERSION = 1;
				DEBUG_INFORMATION_FORMAT = dwarf;
				ENABLE_STRICT_OBJC_MSGSEND = YES;
				ENABLE_TESTABILITY = YES;
				GCC_C_LANGUAGE_STANDARD = gnu11;
				GCC_DYNAMIC_NO_PIC = NO;
				GCC_NO_COMMON_BLOCKS = YES;
				GCC_OPTIMIZATION_LEVEL = 0;
				GCC_PREPROCESSOR_DEFINITIONS = (
					"DEBUG=1",
					"$(inherited)",
				);
				GCC_WARN_64_TO_32_BIT_CONVERSION = YES;
				GCC_WARN_ABOUT_RETURN_TYPE = YES_ERROR;
				GCC_WARN_UNDECLARED_SELECTOR = YES;
				GCC_WARN_UNINITIALIZED_AUTOS = YES_AGGRESSIVE;
				GCC_WARN_UNUSED_FUNCTION = YES;
				GCC_WARN_UNUSED_VARIABLE = YES;
				IPHONEOS_DEPLOYMENT_TARGET = 11.0;
				MTL_ENABLE_DEBUG_INFO = INCLUDE_SOURCE;
				MTL_FAST_MATH = YES;
				ONLY_ACTIVE_ARCH = YES;
				SDKROOT = iphoneos;
				SWIFT_ACTIVE_COMPILATION_CONDITIONS = DEBUG;
				SWIFT_OPTIMIZATION_LEVEL = "-Onone";
				VERSIONING_SYSTEM = "apple-generic";
				VERSION_INFO_PREFIX = "";
			};
			name = Debug;
		};
		593ED25A2935CFA9007BC45A /* Release */ = {
			isa = XCBuildConfiguration;
			buildSettings = {
				ALWAYS_SEARCH_USER_PATHS = NO;
				CLANG_ANALYZER_LOCALIZABILITY_NONLOCALIZED = YES;
				CLANG_ANALYZER_NONNULL = YES;
				CLANG_ANALYZER_NUMBER_OBJECT_CONVERSION = YES_AGGRESSIVE;
				CLANG_CXX_LANGUAGE_STANDARD = "gnu++20";
				CLANG_ENABLE_MODULES = YES;
				CLANG_ENABLE_OBJC_ARC = YES;
				CLANG_ENABLE_OBJC_WEAK = YES;
				CLANG_WARN_BLOCK_CAPTURE_AUTORELEASING = YES;
				CLANG_WARN_BOOL_CONVERSION = YES;
				CLANG_WARN_COMMA = YES;
				CLANG_WARN_CONSTANT_CONVERSION = YES;
				CLANG_WARN_DEPRECATED_OBJC_IMPLEMENTATIONS = YES;
				CLANG_WARN_DIRECT_OBJC_ISA_USAGE = YES_ERROR;
				CLANG_WARN_DOCUMENTATION_COMMENTS = YES;
				CLANG_WARN_EMPTY_BODY = YES;
				CLANG_WARN_ENUM_CONVERSION = YES;
				CLANG_WARN_INFINITE_RECURSION = YES;
				CLANG_WARN_INT_CONVERSION = YES;
				CLANG_WARN_NON_LITERAL_NULL_CONVERSION = YES;
				CLANG_WARN_OBJC_IMPLICIT_RETAIN_SELF = YES;
				CLANG_WARN_OBJC_LITERAL_CONVERSION = YES;
				CLANG_WARN_OBJC_ROOT_CLASS = YES_ERROR;
				CLANG_WARN_QUOTED_INCLUDE_IN_FRAMEWORK_HEADER = YES;
				CLANG_WARN_RANGE_LOOP_ANALYSIS = YES;
				CLANG_WARN_STRICT_PROTOTYPES = YES;
				CLANG_WARN_SUSPICIOUS_MOVE = YES;
				CLANG_WARN_UNGUARDED_AVAILABILITY = YES_AGGRESSIVE;
				CLANG_WARN_UNREACHABLE_CODE = YES;
				CLANG_WARN__DUPLICATE_METHOD_MATCH = YES;
				COPY_PHASE_STRIP = NO;
				CURRENT_PROJECT_VERSION = 1;
				DEBUG_INFORMATION_FORMAT = "dwarf-with-dsym";
				ENABLE_NS_ASSERTIONS = NO;
				ENABLE_STRICT_OBJC_MSGSEND = YES;
				GCC_C_LANGUAGE_STANDARD = gnu11;
				GCC_NO_COMMON_BLOCKS = YES;
				GCC_WARN_64_TO_32_BIT_CONVERSION = YES;
				GCC_WARN_ABOUT_RETURN_TYPE = YES_ERROR;
				GCC_WARN_UNDECLARED_SELECTOR = YES;
				GCC_WARN_UNINITIALIZED_AUTOS = YES_AGGRESSIVE;
				GCC_WARN_UNUSED_FUNCTION = YES;
				GCC_WARN_UNUSED_VARIABLE = YES;
				IPHONEOS_DEPLOYMENT_TARGET = 11.0;
				MTL_ENABLE_DEBUG_INFO = NO;
				MTL_FAST_MATH = YES;
				SDKROOT = iphoneos;
				SWIFT_COMPILATION_MODE = wholemodule;
				SWIFT_OPTIMIZATION_LEVEL = "-O";
				VALIDATE_PRODUCT = YES;
				VERSIONING_SYSTEM = "apple-generic";
				VERSION_INFO_PREFIX = "";
			};
			name = Release;
		};
		593ED25C2935CFA9007BC45A /* Debug */ = {
			isa = XCBuildConfiguration;
			baseConfigurationReference = 147FA6809C4954FF37377822 /* Pods-GBV3AlertModal.debug.xcconfig */;
			buildSettings = {
				CODE_SIGN_STYLE = Automatic;
				CURRENT_PROJECT_VERSION = 1;
				DEFINES_MODULE = YES;
				DEVELOPMENT_TEAM = 68M5L3KNEH;
				DYLIB_COMPATIBILITY_VERSION = 1;
				DYLIB_CURRENT_VERSION = 1;
				DYLIB_INSTALL_NAME_BASE = "@rpath";
				GENERATE_INFOPLIST_FILE = YES;
				INFOPLIST_KEY_NSHumanReadableCopyright = "";
				INSTALL_PATH = "$(LOCAL_LIBRARY_DIR)/Frameworks";
				IPHONEOS_DEPLOYMENT_TARGET = 11.0;
				LD_RUNPATH_SEARCH_PATHS = (
					"$(inherited)",
					"@executable_path/Frameworks",
					"@loader_path/Frameworks",
				);
				MARKETING_VERSION = 1.0;
				PRODUCT_BUNDLE_IDENTIFIER = com.geniebook.GBV3AlertModal;
				PRODUCT_NAME = "$(TARGET_NAME:c99extidentifier)";
				SKIP_INSTALL = YES;
				SUPPORTED_PLATFORMS = "iphoneos iphonesimulator";
				SUPPORTS_MACCATALYST = NO;
				SUPPORTS_MAC_DESIGNED_FOR_IPHONE_IPAD = NO;
				SWIFT_EMIT_LOC_STRINGS = YES;
				SWIFT_VERSION = 5.0;
				TARGETED_DEVICE_FAMILY = "1,2";
			};
			name = Debug;
		};
		593ED25D2935CFA9007BC45A /* Release */ = {
			isa = XCBuildConfiguration;
			baseConfigurationReference = 09412B351DA2C7831D41485B /* Pods-GBV3AlertModal.release.xcconfig */;
			buildSettings = {
				CODE_SIGN_STYLE = Automatic;
				CURRENT_PROJECT_VERSION = 1;
				DEFINES_MODULE = YES;
				DEVELOPMENT_TEAM = 68M5L3KNEH;
				DYLIB_COMPATIBILITY_VERSION = 1;
				DYLIB_CURRENT_VERSION = 1;
				DYLIB_INSTALL_NAME_BASE = "@rpath";
				GENERATE_INFOPLIST_FILE = YES;
				INFOPLIST_KEY_NSHumanReadableCopyright = "";
				INSTALL_PATH = "$(LOCAL_LIBRARY_DIR)/Frameworks";
				IPHONEOS_DEPLOYMENT_TARGET = 11.0;
				LD_RUNPATH_SEARCH_PATHS = (
					"$(inherited)",
					"@executable_path/Frameworks",
					"@loader_path/Frameworks",
				);
				MARKETING_VERSION = 1.0;
				PRODUCT_BUNDLE_IDENTIFIER = com.geniebook.GBV3AlertModal;
				PRODUCT_NAME = "$(TARGET_NAME:c99extidentifier)";
				SKIP_INSTALL = YES;
				SUPPORTED_PLATFORMS = "iphoneos iphonesimulator";
				SUPPORTS_MACCATALYST = NO;
				SUPPORTS_MAC_DESIGNED_FOR_IPHONE_IPAD = NO;
				SWIFT_EMIT_LOC_STRINGS = YES;
				SWIFT_VERSION = 5.0;
				TARGETED_DEVICE_FAMILY = "1,2";
			};
			name = Release;
		};
		593ED25F2935CFA9007BC45A /* Debug */ = {
			isa = XCBuildConfiguration;
			baseConfigurationReference = 3412C19EE79C2A33D01FB623 /* Pods-GBV3AlertModalTests.debug.xcconfig */;
			buildSettings = {
				ALWAYS_EMBED_SWIFT_STANDARD_LIBRARIES = YES;
				CODE_SIGN_STYLE = Automatic;
				CURRENT_PROJECT_VERSION = 1;
				DEVELOPMENT_TEAM = 68M5L3KNEH;
				GENERATE_INFOPLIST_FILE = YES;
				IPHONEOS_DEPLOYMENT_TARGET = 11.0;
				MARKETING_VERSION = 1.0;
				PRODUCT_BUNDLE_IDENTIFIER = com.geniebook.GBV3AlertModalTests;
				PRODUCT_NAME = "$(TARGET_NAME)";
				SUPPORTED_PLATFORMS = "iphoneos iphonesimulator";
				SUPPORTS_MACCATALYST = NO;
				SUPPORTS_MAC_DESIGNED_FOR_IPHONE_IPAD = NO;
				SWIFT_EMIT_LOC_STRINGS = NO;
				SWIFT_VERSION = 5.0;
				TARGETED_DEVICE_FAMILY = "1,2";
			};
			name = Debug;
		};
		593ED2602935CFA9007BC45A /* Release */ = {
			isa = XCBuildConfiguration;
			baseConfigurationReference = 07E60423242738625B08B5F7 /* Pods-GBV3AlertModalTests.release.xcconfig */;
			buildSettings = {
				ALWAYS_EMBED_SWIFT_STANDARD_LIBRARIES = YES;
				CODE_SIGN_STYLE = Automatic;
				CURRENT_PROJECT_VERSION = 1;
				DEVELOPMENT_TEAM = 68M5L3KNEH;
				GENERATE_INFOPLIST_FILE = YES;
				IPHONEOS_DEPLOYMENT_TARGET = 11.0;
				MARKETING_VERSION = 1.0;
				PRODUCT_BUNDLE_IDENTIFIER = com.geniebook.GBV3AlertModalTests;
				PRODUCT_NAME = "$(TARGET_NAME)";
				SUPPORTED_PLATFORMS = "iphoneos iphonesimulator";
				SUPPORTS_MACCATALYST = NO;
				SUPPORTS_MAC_DESIGNED_FOR_IPHONE_IPAD = NO;
				SWIFT_EMIT_LOC_STRINGS = NO;
				SWIFT_VERSION = 5.0;
				TARGETED_DEVICE_FAMILY = "1,2";
			};
			name = Release;
		};
/* End XCBuildConfiguration section */

/* Begin XCConfigurationList section */
		593ED2412935CFA9007BC45A /* Build configuration list for PBXProject "GBV3AlertModal" */ = {
			isa = XCConfigurationList;
			buildConfigurations = (
				593ED2592935CFA9007BC45A /* Debug */,
				593ED25A2935CFA9007BC45A /* Release */,
			);
			defaultConfigurationIsVisible = 0;
			defaultConfigurationName = Release;
		};
		593ED25B2935CFA9007BC45A /* Build configuration list for PBXNativeTarget "GBV3AlertModal" */ = {
			isa = XCConfigurationList;
			buildConfigurations = (
				593ED25C2935CFA9007BC45A /* Debug */,
				593ED25D2935CFA9007BC45A /* Release */,
			);
			defaultConfigurationIsVisible = 0;
			defaultConfigurationName = Release;
		};
		593ED25E2935CFA9007BC45A /* Build configuration list for PBXNativeTarget "GBV3AlertModalTests" */ = {
			isa = XCConfigurationList;
			buildConfigurations = (
				593ED25F2935CFA9007BC45A /* Debug */,
				593ED2602935CFA9007BC45A /* Release */,
			);
			defaultConfigurationIsVisible = 0;
			defaultConfigurationName = Release;
		};
/* End XCConfigurationList section */
	};
	rootObject = 593ED23E2935CFA9007BC45A /* Project object */;
}
